// !$*UTF8*$!
{
	archiveVersion = 1;
	classes = {
	};
	objectVersion = 46;
	objects = {

/* Begin PBXBuildFile section */
		4F9C1FE11B0A1C6600E6EB3D /* main.m in Sources */ = {isa = PBXBuildFile; fileRef = 4F9C1FE01B0A1C6600E6EB3D /* main.m */; };
		4F9C1FE41B0A1C6600E6EB3D /* AppDelegate.m in Sources */ = {isa = PBXBuildFile; fileRef = 4F9C1FE31B0A1C6600E6EB3D /* AppDelegate.m */; };
		4F9C1FE61B0A1C6600E6EB3D /* project-Prefix.pch in Resources */ = {isa = PBXBuildFile; fileRef = 4F9C1FE51B0A1C6600E6EB3D /* project-Prefix.pch */; };
		4F9C1FE81B0A1C6600E6EB3D /* Images.xcassets in Resources */ = {isa = PBXBuildFile; fileRef = 4F9C1FE71B0A1C6600E6EB3D /* Images.xcassets */; };
		4F9C1FF71B0A1C6600E6EB3D /* projectTests.m in Sources */ = {isa = PBXBuildFile; fileRef = 4F9C1FF61B0A1C6600E6EB3D /* projectTests.m */; };
		4F9C20031B0A1CB800E6EB3D /* MJBCoverViewController.m in Sources */ = {isa = PBXBuildFile; fileRef = 4F9C20011B0A1CB800E6EB3D /* MJBCoverViewController.m */; };
		4F9C20041B0A1CB800E6EB3D /* MJBCoverViewController.xib in Resources */ = {isa = PBXBuildFile; fileRef = 4F9C20021B0A1CB800E6EB3D /* MJBCoverViewController.xib */; };
		4FB15B831B0AE075003692DD /* facebook_icon.png in Resources */ = {isa = PBXBuildFile; fileRef = 4FB15B821B0AE075003692DD /* facebook_icon.png */; };
		4FB15B911B0B749D003692DD /* MJBPhoneViewController.m in Sources */ = {isa = PBXBuildFile; fileRef = 4FB15B8F1B0B749D003692DD /* MJBPhoneViewController.m */; };
		4FB15B921B0B749D003692DD /* MJBPhoneViewController.xib in Resources */ = {isa = PBXBuildFile; fileRef = 4FB15B901B0B749D003692DD /* MJBPhoneViewController.xib */; };
		4FB15B941B0B9826003692DD /* search-25.png in Resources */ = {isa = PBXBuildFile; fileRef = 4FB15B931B0B9826003692DD /* search-25.png */; };
		4FB15B9A1B0B9E26003692DD /* MJBMainViewController.xib in Resources */ = {isa = PBXBuildFile; fileRef = 4FB15B991B0B9E26003692DD /* MJBMainViewController.xib */; };
		4FB15B9C1B0BA265003692DD /* back-25.png in Resources */ = {isa = PBXBuildFile; fileRef = 4FB15B9B1B0BA264003692DD /* back-25.png */; };
		4FFD42791B0DA57C00FB18C3 /* MJBMainViewController.m in Sources */ = {isa = PBXBuildFile; fileRef = 4FFD42781B0DA57C00FB18C3 /* MJBMainViewController.m */; };
		4FFD6FD41B0DCFFE00FB18C3 /* FBSDKCoreKit.framework in Frameworks */ = {isa = PBXBuildFile; fileRef = 4FFD6FD31B0DCFFE00FB18C3 /* FBSDKCoreKit.framework */; };
		4FFD6FD81B0DD52400FB18C3 /* MJBFacebookViewController.m in Sources */ = {isa = PBXBuildFile; fileRef = 4FFD6FD61B0DD52400FB18C3 /* MJBFacebookViewController.m */; };
		4FFD6FD91B0DD52400FB18C3 /* MJBFacebookViewController.xib in Resources */ = {isa = PBXBuildFile; fileRef = 4FFD6FD71B0DD52400FB18C3 /* MJBFacebookViewController.xib */; };
		4FFD6FDB1B0DD5A500FB18C3 /* FBSDKLoginKit.framework in Frameworks */ = {isa = PBXBuildFile; fileRef = 4FFD6FDA1B0DD5A500FB18C3 /* FBSDKLoginKit.framework */; };
/* End PBXBuildFile section */

/* Begin PBXContainerItemProxy section */
		4F9C1FF11B0A1C6600E6EB3D /* PBXContainerItemProxy */ = {
			isa = PBXContainerItemProxy;
			containerPortal = 4F9C1FD31B0A1C6600E6EB3D /* Project object */;
			proxyType = 1;
			remoteGlobalIDString = 4F9C1FDA1B0A1C6600E6EB3D;
			remoteInfo = project;
		};
/* End PBXContainerItemProxy section */

/* Begin PBXFileReference section */
		4F9C1FDB1B0A1C6600E6EB3D /* project.app */ = {isa = PBXFileReference; explicitFileType = wrapper.application; includeInIndex = 0; path = project.app; sourceTree = BUILT_PRODUCTS_DIR; };
		4F9C1FDF1B0A1C6600E6EB3D /* Info.plist */ = {isa = PBXFileReference; lastKnownFileType = text.plist.xml; path = Info.plist; sourceTree = "<group>"; };
		4F9C1FE01B0A1C6600E6EB3D /* main.m */ = {isa = PBXFileReference; lastKnownFileType = sourcecode.c.objc; path = main.m; sourceTree = "<group>"; };
		4F9C1FE21B0A1C6600E6EB3D /* AppDelegate.h */ = {isa = PBXFileReference; lastKnownFileType = sourcecode.c.h; path = AppDelegate.h; sourceTree = "<group>"; };
		4F9C1FE31B0A1C6600E6EB3D /* AppDelegate.m */ = {isa = PBXFileReference; lastKnownFileType = sourcecode.c.objc; path = AppDelegate.m; sourceTree = "<group>"; };
		4F9C1FE51B0A1C6600E6EB3D /* project-Prefix.pch */ = {isa = PBXFileReference; lastKnownFileType = sourcecode.c.h; path = "project-Prefix.pch"; sourceTree = "<group>"; };
		4F9C1FE71B0A1C6600E6EB3D /* Images.xcassets */ = {isa = PBXFileReference; lastKnownFileType = folder.assetcatalog; path = Images.xcassets; sourceTree = "<group>"; };
		4F9C1FF01B0A1C6600E6EB3D /* projectTests.xctest */ = {isa = PBXFileReference; explicitFileType = wrapper.cfbundle; includeInIndex = 0; path = projectTests.xctest; sourceTree = BUILT_PRODUCTS_DIR; };
		4F9C1FF51B0A1C6600E6EB3D /* Info.plist */ = {isa = PBXFileReference; lastKnownFileType = text.plist.xml; path = Info.plist; sourceTree = "<group>"; };
		4F9C1FF61B0A1C6600E6EB3D /* projectTests.m */ = {isa = PBXFileReference; lastKnownFileType = sourcecode.c.objc; path = projectTests.m; sourceTree = "<group>"; };
		4F9C20001B0A1CB800E6EB3D /* MJBCoverViewController.h */ = {isa = PBXFileReference; fileEncoding = 4; lastKnownFileType = sourcecode.c.h; path = MJBCoverViewController.h; sourceTree = "<group>"; };
		4F9C20011B0A1CB800E6EB3D /* MJBCoverViewController.m */ = {isa = PBXFileReference; fileEncoding = 4; lastKnownFileType = sourcecode.c.objc; path = MJBCoverViewController.m; sourceTree = "<group>"; };
		4F9C20021B0A1CB800E6EB3D /* MJBCoverViewController.xib */ = {isa = PBXFileReference; fileEncoding = 4; lastKnownFileType = file.xib; path = MJBCoverViewController.xib; sourceTree = "<group>"; };
		4FB15B821B0AE075003692DD /* facebook_icon.png */ = {isa = PBXFileReference; lastKnownFileType = image.png; path = facebook_icon.png; sourceTree = "<group>"; };
		4FB15B8E1B0B749D003692DD /* MJBPhoneViewController.h */ = {isa = PBXFileReference; fileEncoding = 4; lastKnownFileType = sourcecode.c.h; path = MJBPhoneViewController.h; sourceTree = "<group>"; };
		4FB15B8F1B0B749D003692DD /* MJBPhoneViewController.m */ = {isa = PBXFileReference; fileEncoding = 4; lastKnownFileType = sourcecode.c.objc; path = MJBPhoneViewController.m; sourceTree = "<group>"; };
		4FB15B901B0B749D003692DD /* MJBPhoneViewController.xib */ = {isa = PBXFileReference; fileEncoding = 4; lastKnownFileType = file.xib; path = MJBPhoneViewController.xib; sourceTree = "<group>"; };
		4FB15B931B0B9826003692DD /* search-25.png */ = {isa = PBXFileReference; lastKnownFileType = image.png; path = "search-25.png"; sourceTree = "<group>"; };
		4FB15B991B0B9E26003692DD /* MJBMainViewController.xib */ = {isa = PBXFileReference; fileEncoding = 4; lastKnownFileType = file.xib; path = MJBMainViewController.xib; sourceTree = "<group>"; };
		4FB15B9B1B0BA264003692DD /* back-25.png */ = {isa = PBXFileReference; lastKnownFileType = image.png; path = "back-25.png"; sourceTree = "<group>"; };
		4FFD42771B0DA57C00FB18C3 /* MJBMainViewController.h */ = {isa = PBXFileReference; fileEncoding = 4; lastKnownFileType = sourcecode.c.h; path = MJBMainViewController.h; sourceTree = "<group>"; };
		4FFD42781B0DA57C00FB18C3 /* MJBMainViewController.m */ = {isa = PBXFileReference; fileEncoding = 4; lastKnownFileType = sourcecode.c.objc; path = MJBMainViewController.m; sourceTree = "<group>"; };
		4FFD6FD31B0DCFFE00FB18C3 /* FBSDKCoreKit.framework */ = {isa = PBXFileReference; lastKnownFileType = wrapper.framework; path = FBSDKCoreKit.framework; sourceTree = "<group>"; };
		4FFD6FD51B0DD52400FB18C3 /* MJBFacebookViewController.h */ = {isa = PBXFileReference; fileEncoding = 4; lastKnownFileType = sourcecode.c.h; path = MJBFacebookViewController.h; sourceTree = "<group>"; };
		4FFD6FD61B0DD52400FB18C3 /* MJBFacebookViewController.m */ = {isa = PBXFileReference; fileEncoding = 4; lastKnownFileType = sourcecode.c.objc; path = MJBFacebookViewController.m; sourceTree = "<group>"; };
		4FFD6FD71B0DD52400FB18C3 /* MJBFacebookViewController.xib */ = {isa = PBXFileReference; fileEncoding = 4; lastKnownFileType = file.xib; path = MJBFacebookViewController.xib; sourceTree = "<group>"; };
		4FFD6FDA1B0DD5A500FB18C3 /* FBSDKLoginKit.framework */ = {isa = PBXFileReference; lastKnownFileType = wrapper.framework; path = FBSDKLoginKit.framework; sourceTree = "<group>"; };
/* End PBXFileReference section */

/* Begin PBXFrameworksBuildPhase section */
		4F9C1FD81B0A1C6600E6EB3D /* Frameworks */ = {
			isa = PBXFrameworksBuildPhase;
			buildActionMask = 2147483647;
			files = (
				4FFD6FDB1B0DD5A500FB18C3 /* FBSDKLoginKit.framework in Frameworks */,
				4FFD6FD41B0DCFFE00FB18C3 /* FBSDKCoreKit.framework in Frameworks */,
			);
			runOnlyForDeploymentPostprocessing = 0;
		};
		4F9C1FED1B0A1C6600E6EB3D /* Frameworks */ = {
			isa = PBXFrameworksBuildPhase;
			buildActionMask = 2147483647;
			files = (
			);
			runOnlyForDeploymentPostprocessing = 0;
		};
/* End PBXFrameworksBuildPhase section */

/* Begin PBXGroup section */
		4F9C1FD21B0A1C6600E6EB3D = {
			isa = PBXGroup;
			children = (
				4FFD6FDA1B0DD5A500FB18C3 /* FBSDKLoginKit.framework */,
				4FFD6FD31B0DCFFE00FB18C3 /* FBSDKCoreKit.framework */,
				4FB15B821B0AE075003692DD /* facebook_icon.png */,
				4FB15B931B0B9826003692DD /* search-25.png */,
				4FB15B9B1B0BA264003692DD /* back-25.png */,
				4F9C1FDD1B0A1C6600E6EB3D /* 명지대 중고책방 */,
				4F9C1FF31B0A1C6600E6EB3D /* projectTests */,
				4F9C1FDC1B0A1C6600E6EB3D /* Products */,
			);
			sourceTree = "<group>";
		};
		4F9C1FDC1B0A1C6600E6EB3D /* Products */ = {
			isa = PBXGroup;
			children = (
				4F9C1FDB1B0A1C6600E6EB3D /* project.app */,
				4F9C1FF01B0A1C6600E6EB3D /* projectTests.xctest */,
			);
			name = Products;
			sourceTree = "<group>";
		};
		4F9C1FDD1B0A1C6600E6EB3D /* 명지대 중고책방 */ = {
			isa = PBXGroup;
			children = (
				4F9C1FE21B0A1C6600E6EB3D /* AppDelegate.h */,
				4F9C1FE31B0A1C6600E6EB3D /* AppDelegate.m */,
				4F9C20001B0A1CB800E6EB3D /* MJBCoverViewController.h */,
				4F9C20011B0A1CB800E6EB3D /* MJBCoverViewController.m */,
				4F9C20021B0A1CB800E6EB3D /* MJBCoverViewController.xib */,
				4FFD6FD51B0DD52400FB18C3 /* MJBFacebookViewController.h */,
				4FFD6FD61B0DD52400FB18C3 /* MJBFacebookViewController.m */,
				4FFD6FD71B0DD52400FB18C3 /* MJBFacebookViewController.xib */,
				4FFD42771B0DA57C00FB18C3 /* MJBMainViewController.h */,
				4FFD42781B0DA57C00FB18C3 /* MJBMainViewController.m */,
				4FB15B991B0B9E26003692DD /* MJBMainViewController.xib */,
				4FB15B8E1B0B749D003692DD /* MJBPhoneViewController.h */,
				4FB15B8F1B0B749D003692DD /* MJBPhoneViewController.m */,
				4FB15B901B0B749D003692DD /* MJBPhoneViewController.xib */,
				4F9C1FE51B0A1C6600E6EB3D /* project-Prefix.pch */,
				4F9C1FE71B0A1C6600E6EB3D /* Images.xcassets */,
				4F9C1FDE1B0A1C6600E6EB3D /* Supporting Files */,
			);
			name = "명지대 중고책방";
			path = project;
			sourceTree = "<group>";
		};
		4F9C1FDE1B0A1C6600E6EB3D /* Supporting Files */ = {
			isa = PBXGroup;
			children = (
				4F9C1FDF1B0A1C6600E6EB3D /* Info.plist */,
				4F9C1FE01B0A1C6600E6EB3D /* main.m */,
			);
			name = "Supporting Files";
			sourceTree = "<group>";
		};
		4F9C1FF31B0A1C6600E6EB3D /* projectTests */ = {
			isa = PBXGroup;
			children = (
				4F9C1FF61B0A1C6600E6EB3D /* projectTests.m */,
				4F9C1FF41B0A1C6600E6EB3D /* Supporting Files */,
			);
			path = projectTests;
			sourceTree = "<group>";
		};
		4F9C1FF41B0A1C6600E6EB3D /* Supporting Files */ = {
			isa = PBXGroup;
			children = (
				4F9C1FF51B0A1C6600E6EB3D /* Info.plist */,
			);
			name = "Supporting Files";
			sourceTree = "<group>";
		};
/* End PBXGroup section */

/* Begin PBXNativeTarget section */
		4F9C1FDA1B0A1C6600E6EB3D /* project */ = {
			isa = PBXNativeTarget;
			buildConfigurationList = 4F9C1FFA1B0A1C6600E6EB3D /* Build configuration list for PBXNativeTarget "project" */;
			buildPhases = (
				4F9C1FD71B0A1C6600E6EB3D /* Sources */,
				4F9C1FD81B0A1C6600E6EB3D /* Frameworks */,
				4F9C1FD91B0A1C6600E6EB3D /* Resources */,
			);
			buildRules = (
			);
			dependencies = (
			);
			name = project;
			productName = project;
			productReference = 4F9C1FDB1B0A1C6600E6EB3D /* project.app */;
			productType = "com.apple.product-type.application";
		};
		4F9C1FEF1B0A1C6600E6EB3D /* projectTests */ = {
			isa = PBXNativeTarget;
			buildConfigurationList = 4F9C1FFD1B0A1C6600E6EB3D /* Build configuration list for PBXNativeTarget "projectTests" */;
			buildPhases = (
				4F9C1FEC1B0A1C6600E6EB3D /* Sources */,
				4F9C1FED1B0A1C6600E6EB3D /* Frameworks */,
				4F9C1FEE1B0A1C6600E6EB3D /* Resources */,
			);
			buildRules = (
			);
			dependencies = (
				4F9C1FF21B0A1C6600E6EB3D /* PBXTargetDependency */,
			);
			name = projectTests;
			productName = projectTests;
			productReference = 4F9C1FF01B0A1C6600E6EB3D /* projectTests.xctest */;
			productType = "com.apple.product-type.bundle.unit-test";
		};
/* End PBXNativeTarget section */

/* Begin PBXProject section */
		4F9C1FD31B0A1C6600E6EB3D /* Project object */ = {
			isa = PBXProject;
			attributes = {
				LastUpgradeCheck = 0630;
				ORGANIZATIONNAME = Kyuseon;
				TargetAttributes = {
					4F9C1FDA1B0A1C6600E6EB3D = {
						CreatedOnToolsVersion = 6.3.1;
					};
					4F9C1FEF1B0A1C6600E6EB3D = {
						CreatedOnToolsVersion = 6.3.1;
						TestTargetID = 4F9C1FDA1B0A1C6600E6EB3D;
					};
				};
			};
			buildConfigurationList = 4F9C1FD61B0A1C6600E6EB3D /* Build configuration list for PBXProject "project" */;
			compatibilityVersion = "Xcode 3.2";
			developmentRegion = English;
			hasScannedForEncodings = 0;
			knownRegions = (
				en,
				Base,
			);
			mainGroup = 4F9C1FD21B0A1C6600E6EB3D;
			productRefGroup = 4F9C1FDC1B0A1C6600E6EB3D /* Products */;
			projectDirPath = "";
			projectRoot = "";
			targets = (
				4F9C1FDA1B0A1C6600E6EB3D /* project */,
				4F9C1FEF1B0A1C6600E6EB3D /* projectTests */,
			);
		};
/* End PBXProject section */

/* Begin PBXResourcesBuildPhase section */
		4F9C1FD91B0A1C6600E6EB3D /* Resources */ = {
			isa = PBXResourcesBuildPhase;
			buildActionMask = 2147483647;
			files = (
				4FB15B9A1B0B9E26003692DD /* MJBMainViewController.xib in Resources */,
				4FB15B941B0B9826003692DD /* search-25.png in Resources */,
				4F9C1FE61B0A1C6600E6EB3D /* project-Prefix.pch in Resources */,
				4FB15B9C1B0BA265003692DD /* back-25.png in Resources */,
				4F9C1FE81B0A1C6600E6EB3D /* Images.xcassets in Resources */,
				4FB15B921B0B749D003692DD /* MJBPhoneViewController.xib in Resources */,
				4FB15B831B0AE075003692DD /* facebook_icon.png in Resources */,
				4F9C20041B0A1CB800E6EB3D /* MJBCoverViewController.xib in Resources */,
				4FFD6FD91B0DD52400FB18C3 /* MJBFacebookViewController.xib in Resources */,
			);
			runOnlyForDeploymentPostprocessing = 0;
		};
		4F9C1FEE1B0A1C6600E6EB3D /* Resources */ = {
			isa = PBXResourcesBuildPhase;
			buildActionMask = 2147483647;
			files = (
			);
			runOnlyForDeploymentPostprocessing = 0;
		};
/* End PBXResourcesBuildPhase section */

/* Begin PBXSourcesBuildPhase section */
		4F9C1FD71B0A1C6600E6EB3D /* Sources */ = {
			isa = PBXSourcesBuildPhase;
			buildActionMask = 2147483647;
			files = (
				4F9C20031B0A1CB800E6EB3D /* MJBCoverViewController.m in Sources */,
				4FFD42791B0DA57C00FB18C3 /* MJBMainViewController.m in Sources */,
				4FFD6FD81B0DD52400FB18C3 /* MJBFacebookViewController.m in Sources */,
				4F9C1FE41B0A1C6600E6EB3D /* AppDelegate.m in Sources */,
				4F9C1FE11B0A1C6600E6EB3D /* main.m in Sources */,
				4FB15B911B0B749D003692DD /* MJBPhoneViewController.m in Sources */,
			);
			runOnlyForDeploymentPostprocessing = 0;
		};
		4F9C1FEC1B0A1C6600E6EB3D /* Sources */ = {
			isa = PBXSourcesBuildPhase;
			buildActionMask = 2147483647;
			files = (
				4F9C1FF71B0A1C6600E6EB3D /* projectTests.m in Sources */,
			);
			runOnlyForDeploymentPostprocessing = 0;
		};
/* End PBXSourcesBuildPhase section */

/* Begin PBXTargetDependency section */
		4F9C1FF21B0A1C6600E6EB3D /* PBXTargetDependency */ = {
			isa = PBXTargetDependency;
			target = 4F9C1FDA1B0A1C6600E6EB3D /* project */;
			targetProxy = 4F9C1FF11B0A1C6600E6EB3D /* PBXContainerItemProxy */;
		};
/* End PBXTargetDependency section */

/* Begin XCBuildConfiguration section */
		4F9C1FF81B0A1C6600E6EB3D /* Debug */ = {
			isa = XCBuildConfiguration;
			buildSettings = {
				ALWAYS_SEARCH_USER_PATHS = NO;
				CLANG_CXX_LANGUAGE_STANDARD = "gnu++0x";
				CLANG_CXX_LIBRARY = "libc++";
				CLANG_ENABLE_MODULES = YES;
				CLANG_ENABLE_OBJC_ARC = YES;
				CLANG_WARN_BOOL_CONVERSION = YES;
				CLANG_WARN_CONSTANT_CONVERSION = YES;
				CLANG_WARN_DIRECT_OBJC_ISA_USAGE = YES_ERROR;
				CLANG_WARN_EMPTY_BODY = YES;
				CLANG_WARN_ENUM_CONVERSION = YES;
				CLANG_WARN_INT_CONVERSION = YES;
				CLANG_WARN_OBJC_ROOT_CLASS = YES_ERROR;
				CLANG_WARN_UNREACHABLE_CODE = YES;
				CLANG_WARN__DUPLICATE_METHOD_MATCH = YES;
				"CODE_SIGN_IDENTITY[sdk=iphoneos*]" = "iPhone Developer";
				COPY_PHASE_STRIP = NO;
				DEBUG_INFORMATION_FORMAT = "dwarf-with-dsym";
				ENABLE_STRICT_OBJC_MSGSEND = YES;
				GCC_C_LANGUAGE_STANDARD = gnu99;
				GCC_DYNAMIC_NO_PIC = NO;
				GCC_NO_COMMON_BLOCKS = YES;
				GCC_OPTIMIZATION_LEVEL = 0;
				GCC_PREPROCESSOR_DEFINITIONS = (
					"DEBUG=1",
					"$(inherited)",
				);
				GCC_SYMBOLS_PRIVATE_EXTERN = NO;
				GCC_WARN_64_TO_32_BIT_CONVERSION = YES;
				GCC_WARN_ABOUT_RETURN_TYPE = YES_ERROR;
				GCC_WARN_UNDECLARED_SELECTOR = YES;
				GCC_WARN_UNINITIALIZED_AUTOS = YES_AGGRESSIVE;
				GCC_WARN_UNUSED_FUNCTION = YES;
				GCC_WARN_UNUSED_VARIABLE = YES;
				IPHONEOS_DEPLOYMENT_TARGET = 8.3;
				MTL_ENABLE_DEBUG_INFO = YES;
				ONLY_ACTIVE_ARCH = YES;
				SDKROOT = iphoneos;
				TARGETED_DEVICE_FAMILY = "1,2";
			};
			name = Debug;
		};
		4F9C1FF91B0A1C6600E6EB3D /* Release */ = {
			isa = XCBuildConfiguration;
			buildSettings = {
				ALWAYS_SEARCH_USER_PATHS = NO;
				CLANG_CXX_LANGUAGE_STANDARD = "gnu++0x";
				CLANG_CXX_LIBRARY = "libc++";
				CLANG_ENABLE_MODULES = YES;
				CLANG_ENABLE_OBJC_ARC = YES;
				CLANG_WARN_BOOL_CONVERSION = YES;
				CLANG_WARN_CONSTANT_CONVERSION = YES;
				CLANG_WARN_DIRECT_OBJC_ISA_USAGE = YES_ERROR;
				CLANG_WARN_EMPTY_BODY = YES;
				CLANG_WARN_ENUM_CONVERSION = YES;
				CLANG_WARN_INT_CONVERSION = YES;
				CLANG_WARN_OBJC_ROOT_CLASS = YES_ERROR;
				CLANG_WARN_UNREACHABLE_CODE = YES;
				CLANG_WARN__DUPLICATE_METHOD_MATCH = YES;
				"CODE_SIGN_IDENTITY[sdk=iphoneos*]" = "iPhone Developer";
				COPY_PHASE_STRIP = NO;
				DEBUG_INFORMATION_FORMAT = "dwarf-with-dsym";
				ENABLE_NS_ASSERTIONS = NO;
				ENABLE_STRICT_OBJC_MSGSEND = YES;
				GCC_C_LANGUAGE_STANDARD = gnu99;
				GCC_NO_COMMON_BLOCKS = YES;
				GCC_WARN_64_TO_32_BIT_CONVERSION = YES;
				GCC_WARN_ABOUT_RETURN_TYPE = YES_ERROR;
				GCC_WARN_UNDECLARED_SELECTOR = YES;
				GCC_WARN_UNINITIALIZED_AUTOS = YES_AGGRESSIVE;
				GCC_WARN_UNUSED_FUNCTION = YES;
				GCC_WARN_UNUSED_VARIABLE = YES;
				IPHONEOS_DEPLOYMENT_TARGET = 8.3;
				MTL_ENABLE_DEBUG_INFO = NO;
				SDKROOT = iphoneos;
				TARGETED_DEVICE_FAMILY = "1,2";
				VALIDATE_PRODUCT = YES;
			};
			name = Release;
		};
		4F9C1FFB1B0A1C6600E6EB3D /* Debug */ = {
			isa = XCBuildConfiguration;
			buildSettings = {
				ASSETCATALOG_COMPILER_APPICON_NAME = AppIcon;
				FRAMEWORK_SEARCH_PATHS = (
					"$(inherited)",
					"$(PROJECT_DIR)/facebook-ios-sdk/Bolts-IOS/build/ios",
					"$(PROJECT_DIR)/facebook-ios-sdk/Bolts-IOS/build/osx",
					"$(PROJECT_DIR)/facebook-ios-sdk/Bolts-IOS/build/Release",
					"$(PROJECT_DIR)/facebook-ios-sdk/Bolts-IOS/build/Release-iphoneos",
					"$(PROJECT_DIR)/facebook-ios-sdk/Bolts-IOS/build/Release-iphonesimulator",
					"$(PROJECT_DIR)/facebook-ios-sdk/Bolts-IOS/build/Release-universal",
					"$(PROJECT_DIR)/facebook-ios-sdk/build",
					"$(PROJECT_DIR)/facebook-ios-sdk/vendor/appledoc/Libraries",
					"$(PROJECT_DIR)/facebook-ios-sdk/vendor/xctool/build/b8a5965/6D1002/Products/Release",
					"$(PROJECT_DIR)/facebook-ios-sdk/vendor/xctool/Vendor",
					"$(PROJECT_DIR)",
				);
				INFOPLIST_FILE = project/Info.plist;
				LD_RUNPATH_SEARCH_PATHS = "$(inherited) @executable_path/Frameworks";
				LIBRARY_SEARCH_PATHS = (
					"$(inherited)",
					"$(PROJECT_DIR)/facebook-ios-sdk/Bolts-IOS/build/Bolts.build/Release-iphoneos/Bolts.build/Objects-normal/arm64",
					"$(PROJECT_DIR)/facebook-ios-sdk/Bolts-IOS/build/Bolts.build/Release-iphoneos/Bolts.build/Objects-normal/armv7",
					"$(PROJECT_DIR)/facebook-ios-sdk/Bolts-IOS/build/Bolts.build/Release-iphoneos/Bolts.build/Objects-normal/armv7s",
					"$(PROJECT_DIR)/facebook-ios-sdk/Bolts-IOS/build/Bolts.build/Release-iphonesimulator/Bolts.build/Objects-normal/i386",
					"$(PROJECT_DIR)/facebook-ios-sdk/Bolts-IOS/build/Bolts.build/Release-iphonesimulator/Bolts.build/Objects-normal/x86_64",
					"$(PROJECT_DIR)/facebook-ios-sdk/FBSDKCoreKit/build/FBSDKCoreKit.build/Debug-iphoneos/FBSDKCoreKit.build/Objects-normal/arm64",
					"$(PROJECT_DIR)/facebook-ios-sdk/FBSDKCoreKit/build/FBSDKCoreKit.build/Debug-iphoneos/FBSDKCoreKit.build/Objects-normal/armv7",
					"$(PROJECT_DIR)/facebook-ios-sdk/FBSDKCoreKit/build/FBSDKCoreKit.build/Debug-iphoneos/FBSDKCoreKit.build/Objects-normal/armv7s",
					"$(PROJECT_DIR)/facebook-ios-sdk/FBSDKCoreKit/build/FBSDKCoreKit.build/Debug-iphonesimulator/FBSDKCoreKit.build/Objects-normal/i386",
					"$(PROJECT_DIR)/facebook-ios-sdk/FBSDKCoreKit/build/FBSDKCoreKit.build/Debug-iphonesimulator/FBSDKCoreKit.build/Objects-normal/x86_64",
					"$(PROJECT_DIR)/facebook-ios-sdk/FBSDKLoginKit/build/FBSDKLoginKit.build/Debug-iphoneos/FBSDKLoginKit.build/Objects-normal/arm64",
					"$(PROJECT_DIR)/facebook-ios-sdk/FBSDKLoginKit/build/FBSDKLoginKit.build/Debug-iphoneos/FBSDKLoginKit.build/Objects-normal/armv7",
					"$(PROJECT_DIR)/facebook-ios-sdk/FBSDKLoginKit/build/FBSDKLoginKit.build/Debug-iphoneos/FBSDKLoginKit.build/Objects-normal/armv7s",
					"$(PROJECT_DIR)/facebook-ios-sdk/FBSDKLoginKit/build/FBSDKLoginKit.build/Debug-iphonesimulator/FBSDKLoginKit.build/Objects-normal/i386",
					"$(PROJECT_DIR)/facebook-ios-sdk/FBSDKLoginKit/build/FBSDKLoginKit.build/Debug-iphonesimulator/FBSDKLoginKit.build/Objects-normal/x86_64",
					"$(PROJECT_DIR)/facebook-ios-sdk/FBSDKShareKit/build/FBSDKShareKit.build/Debug-iphoneos/FBSDKShareKit.build/Objects-normal/arm64",
					"$(PROJECT_DIR)/facebook-ios-sdk/FBSDKShareKit/build/FBSDKShareKit.build/Debug-iphoneos/FBSDKShareKit.build/Objects-normal/armv7",
					"$(PROJECT_DIR)/facebook-ios-sdk/FBSDKShareKit/build/FBSDKShareKit.build/Debug-iphoneos/FBSDKShareKit.build/Objects-normal/armv7s",
					"$(PROJECT_DIR)/facebook-ios-sdk/FBSDKShareKit/build/FBSDKShareKit.build/Debug-iphonesimulator/FBSDKShareKit.build/Objects-normal/i386",
					"$(PROJECT_DIR)/facebook-ios-sdk/FBSDKShareKit/build/FBSDKShareKit.build/Debug-iphonesimulator/FBSDKShareKit.build/Objects-normal/x86_64",
					"$(PROJECT_DIR)/facebook-ios-sdk/vendor/appledoc/Libraries",
					"$(PROJECT_DIR)/facebook-ios-sdk/vendor/OCMock/Examples/iOS5Example/usr/lib",
					"$(PROJECT_DIR)/facebook-ios-sdk/vendor/OCMock/Examples/iOS7Example/usr/lib",
					"$(PROJECT_DIR)/facebook-ios-sdk/vendor/OCMock/Examples/iPhoneExample/Libraries",
					"$(PROJECT_DIR)/facebook-ios-sdk/vendor/OCMock/Examples/SwiftExamples/usr/lib",
					"$(PROJECT_DIR)/facebook-ios-sdk/vendor/xctool/build/b8a5965/6D1002/Intermediates/otest-query.build/Release/otest-query-lib-ios.build/Objects-normal/i386",
					"$(PROJECT_DIR)/facebook-ios-sdk/vendor/xctool/build/b8a5965/6D1002/Intermediates/otest-query.build/Release/otest-query-lib-ios.build/Objects-normal/x86_64",
					"$(PROJECT_DIR)/facebook-ios-sdk/vendor/xctool/build/b8a5965/6D1002/Intermediates/otest-query.build/Release/otest-query-lib-osx.build/Objects-normal/i386",
					"$(PROJECT_DIR)/facebook-ios-sdk/vendor/xctool/build/b8a5965/6D1002/Intermediates/otest-query.build/Release/otest-query-lib-osx.build/Objects-normal/x86_64",
					"$(PROJECT_DIR)/facebook-ios-sdk/vendor/xctool/build/b8a5965/6D1002/Intermediates/otest-shim.build/Release/otest-shim-ios.build/Objects-normal/i386",
					"$(PROJECT_DIR)/facebook-ios-sdk/vendor/xctool/build/b8a5965/6D1002/Intermediates/otest-shim.build/Release/otest-shim-ios.build/Objects-normal/x86_64",
					"$(PROJECT_DIR)/facebook-ios-sdk/vendor/xctool/build/b8a5965/6D1002/Intermediates/otest-shim.build/Release/otest-shim-osx.build/Objects-normal/i386",
					"$(PROJECT_DIR)/facebook-ios-sdk/vendor/xctool/build/b8a5965/6D1002/Intermediates/otest-shim.build/Release/otest-shim-osx.build/Objects-normal/x86_64",
					"$(PROJECT_DIR)/facebook-ios-sdk/vendor/xctool/build/b8a5965/6D1002/Intermediates/sim-shim.build/Release/sim-shim.build/Objects-normal/i386",
					"$(PROJECT_DIR)/facebook-ios-sdk/vendor/xctool/build/b8a5965/6D1002/Intermediates/sim-shim.build/Release/sim-shim.build/Objects-normal/x86_64",
					"$(PROJECT_DIR)/facebook-ios-sdk/vendor/xctool/build/b8a5965/6D1002/Products/Release/lib",
					"$(PROJECT_DIR)/facebook-ios-sdk/vendor/xctool/build/b8a5965/6D1002/Products/Release",
					"$(PROJECT_DIR)/facebook-ios-sdk/vendor/xctool/xctool/xctool-tests/TestData/KiwiTests/Build/Products/Debug-iphonesimulator",
					"$(PROJECT_DIR)/facebook-ios-sdk/vendor/xctool/xctool/xctool-tests/TestData/tests-osx-test-bundle",
				);
				PRODUCT_NAME = "$(TARGET_NAME)";
				TARGETED_DEVICE_FAMILY = 1;
			};
			name = Debug;
		};
		4F9C1FFC1B0A1C6600E6EB3D /* Release */ = {
			isa = XCBuildConfiguration;
			buildSettings = {
				ASSETCATALOG_COMPILER_APPICON_NAME = AppIcon;
				FRAMEWORK_SEARCH_PATHS = (
					"$(inherited)",
					"$(PROJECT_DIR)/facebook-ios-sdk/Bolts-IOS/build/ios",
					"$(PROJECT_DIR)/facebook-ios-sdk/Bolts-IOS/build/osx",
					"$(PROJECT_DIR)/facebook-ios-sdk/Bolts-IOS/build/Release",
					"$(PROJECT_DIR)/facebook-ios-sdk/Bolts-IOS/build/Release-iphoneos",
					"$(PROJECT_DIR)/facebook-ios-sdk/Bolts-IOS/build/Release-iphonesimulator",
					"$(PROJECT_DIR)/facebook-ios-sdk/Bolts-IOS/build/Release-universal",
					"$(PROJECT_DIR)/facebook-ios-sdk/build",
					"$(PROJECT_DIR)/facebook-ios-sdk/vendor/appledoc/Libraries",
					"$(PROJECT_DIR)/facebook-ios-sdk/vendor/xctool/build/b8a5965/6D1002/Products/Release",
					"$(PROJECT_DIR)/facebook-ios-sdk/vendor/xctool/Vendor",
					"$(PROJECT_DIR)",
				);
				INFOPLIST_FILE = project/Info.plist;
				LD_RUNPATH_SEARCH_PATHS = "$(inherited) @executable_path/Frameworks";
				LIBRARY_SEARCH_PATHS = (
					"$(inherited)",
					"$(PROJECT_DIR)/facebook-ios-sdk/Bolts-IOS/build/Bolts.build/Release-iphoneos/Bolts.build/Objects-normal/arm64",
					"$(PROJECT_DIR)/facebook-ios-sdk/Bolts-IOS/build/Bolts.build/Release-iphoneos/Bolts.build/Objects-normal/armv7",
					"$(PROJECT_DIR)/facebook-ios-sdk/Bolts-IOS/build/Bolts.build/Release-iphoneos/Bolts.build/Objects-normal/armv7s",
					"$(PROJECT_DIR)/facebook-ios-sdk/Bolts-IOS/build/Bolts.build/Release-iphonesimulator/Bolts.build/Objects-normal/i386",
					"$(PROJECT_DIR)/facebook-ios-sdk/Bolts-IOS/build/Bolts.build/Release-iphonesimulator/Bolts.build/Objects-normal/x86_64",
					"$(PROJECT_DIR)/facebook-ios-sdk/FBSDKCoreKit/build/FBSDKCoreKit.build/Debug-iphoneos/FBSDKCoreKit.build/Objects-normal/arm64",
					"$(PROJECT_DIR)/facebook-ios-sdk/FBSDKCoreKit/build/FBSDKCoreKit.build/Debug-iphoneos/FBSDKCoreKit.build/Objects-normal/armv7",
					"$(PROJECT_DIR)/facebook-ios-sdk/FBSDKCoreKit/build/FBSDKCoreKit.build/Debug-iphoneos/FBSDKCoreKit.build/Objects-normal/armv7s",
					"$(PROJECT_DIR)/facebook-ios-sdk/FBSDKCoreKit/build/FBSDKCoreKit.build/Debug-iphonesimulator/FBSDKCoreKit.build/Objects-normal/i386",
					"$(PROJECT_DIR)/facebook-ios-sdk/FBSDKCoreKit/build/FBSDKCoreKit.build/Debug-iphonesimulator/FBSDKCoreKit.build/Objects-normal/x86_64",
					"$(PROJECT_DIR)/facebook-ios-sdk/FBSDKLoginKit/build/FBSDKLoginKit.build/Debug-iphoneos/FBSDKLoginKit.build/Objects-normal/arm64",
					"$(PROJECT_DIR)/facebook-ios-sdk/FBSDKLoginKit/build/FBSDKLoginKit.build/Debug-iphoneos/FBSDKLoginKit.build/Objects-normal/armv7",
					"$(PROJECT_DIR)/facebook-ios-sdk/FBSDKLoginKit/build/FBSDKLoginKit.build/Debug-iphoneos/FBSDKLoginKit.build/Objects-normal/armv7s",
					"$(PROJECT_DIR)/facebook-ios-sdk/FBSDKLoginKit/build/FBSDKLoginKit.build/Debug-iphonesimulator/FBSDKLoginKit.build/Objects-normal/i386",
					"$(PROJECT_DIR)/facebook-ios-sdk/FBSDKLoginKit/build/FBSDKLoginKit.build/Debug-iphonesimulator/FBSDKLoginKit.build/Objects-normal/x86_64",
					"$(PROJECT_DIR)/facebook-ios-sdk/FBSDKShareKit/build/FBSDKShareKit.build/Debug-iphoneos/FBSDKShareKit.build/Objects-normal/arm64",
					"$(PROJECT_DIR)/facebook-ios-sdk/FBSDKShareKit/build/FBSDKShareKit.build/Debug-iphoneos/FBSDKShareKit.build/Objects-normal/armv7",
					"$(PROJECT_DIR)/facebook-ios-sdk/FBSDKShareKit/build/FBSDKShareKit.build/Debug-iphoneos/FBSDKShareKit.build/Objects-normal/armv7s",
					"$(PROJECT_DIR)/facebook-ios-sdk/FBSDKShareKit/build/FBSDKShareKit.build/Debug-iphonesimulator/FBSDKShareKit.build/Objects-normal/i386",
					"$(PROJECT_DIR)/facebook-ios-sdk/FBSDKShareKit/build/FBSDKShareKit.build/Debug-iphonesimulator/FBSDKShareKit.build/Objects-normal/x86_64",
					"$(PROJECT_DIR)/facebook-ios-sdk/vendor/appledoc/Libraries",
					"$(PROJECT_DIR)/facebook-ios-sdk/vendor/OCMock/Examples/iOS5Example/usr/lib",
					"$(PROJECT_DIR)/facebook-ios-sdk/vendor/OCMock/Examples/iOS7Example/usr/lib",
					"$(PROJECT_DIR)/facebook-ios-sdk/vendor/OCMock/Examples/iPhoneExample/Libraries",
					"$(PROJECT_DIR)/facebook-ios-sdk/vendor/OCMock/Examples/SwiftExamples/usr/lib",
					"$(PROJECT_DIR)/facebook-ios-sdk/vendor/xctool/build/b8a5965/6D1002/Intermediates/otest-query.build/Release/otest-query-lib-ios.build/Objects-normal/i386",
					"$(PROJECT_DIR)/facebook-ios-sdk/vendor/xctool/build/b8a5965/6D1002/Intermediates/otest-query.build/Release/otest-query-lib-ios.build/Objects-normal/x86_64",
					"$(PROJECT_DIR)/facebook-ios-sdk/vendor/xctool/build/b8a5965/6D1002/Intermediates/otest-query.build/Release/otest-query-lib-osx.build/Objects-normal/i386",
					"$(PROJECT_DIR)/facebook-ios-sdk/vendor/xctool/build/b8a5965/6D1002/Intermediates/otest-query.build/Release/otest-query-lib-osx.build/Objects-normal/x86_64",
					"$(PROJECT_DIR)/facebook-ios-sdk/vendor/xctool/build/b8a5965/6D1002/Intermediates/otest-shim.build/Release/otest-shim-ios.build/Objects-normal/i386",
					"$(PROJECT_DIR)/facebook-ios-sdk/vendor/xctool/build/b8a5965/6D1002/Intermediates/otest-shim.build/Release/otest-shim-ios.build/Objects-normal/x86_64",
					"$(PROJECT_DIR)/facebook-ios-sdk/vendor/xctool/build/b8a5965/6D1002/Intermediates/otest-shim.build/Release/otest-shim-osx.build/Objects-normal/i386",
					"$(PROJECT_DIR)/facebook-ios-sdk/vendor/xctool/build/b8a5965/6D1002/Intermediates/otest-shim.build/Release/otest-shim-osx.build/Objects-normal/x86_64",
					"$(PROJECT_DIR)/facebook-ios-sdk/vendor/xctool/build/b8a5965/6D1002/Intermediates/sim-shim.build/Release/sim-shim.build/Objects-normal/i386",
					"$(PROJECT_DIR)/facebook-ios-sdk/vendor/xctool/build/b8a5965/6D1002/Intermediates/sim-shim.build/Release/sim-shim.build/Objects-normal/x86_64",
					"$(PROJECT_DIR)/facebook-ios-sdk/vendor/xctool/build/b8a5965/6D1002/Products/Release/lib",
					"$(PROJECT_DIR)/facebook-ios-sdk/vendor/xctool/build/b8a5965/6D1002/Products/Release",
					"$(PROJECT_DIR)/facebook-ios-sdk/vendor/xctool/xctool/xctool-tests/TestData/KiwiTests/Build/Products/Debug-iphonesimulator",
					"$(PROJECT_DIR)/facebook-ios-sdk/vendor/xctool/xctool/xctool-tests/TestData/tests-osx-test-bundle",
				);
				PRODUCT_NAME = "$(TARGET_NAME)";
				TARGETED_DEVICE_FAMILY = 1;
			};
			name = Release;
		};
		4F9C1FFE1B0A1C6600E6EB3D /* Debug */ = {
			isa = XCBuildConfiguration;
			buildSettings = {
				BUNDLE_LOADER = "$(TEST_HOST)";
				FRAMEWORK_SEARCH_PATHS = (
					"$(SDKROOT)/Developer/Library/Frameworks",
					"$(inherited)",
				);
				GCC_PREPROCESSOR_DEFINITIONS = (
					"DEBUG=1",
					"$(inherited)",
				);
				INFOPLIST_FILE = projectTests/Info.plist;
				LD_RUNPATH_SEARCH_PATHS = "$(inherited) @executable_path/Frameworks @loader_path/Frameworks";
				PRODUCT_NAME = "$(TARGET_NAME)";
				TEST_HOST = "$(BUILT_PRODUCTS_DIR)/project.app/project";
			};
			name = Debug;
		};
		4F9C1FFF1B0A1C6600E6EB3D /* Release */ = {
			isa = XCBuildConfiguration;
			buildSettings = {
				BUNDLE_LOADER = "$(TEST_HOST)";
				FRAMEWORK_SEARCH_PATHS = (
					"$(SDKROOT)/Developer/Library/Frameworks",
					"$(inherited)",
				);
				INFOPLIST_FILE = projectTests/Info.plist;
				LD_RUNPATH_SEARCH_PATHS = "$(inherited) @executable_path/Frameworks @loader_path/Frameworks";
				PRODUCT_NAME = "$(TARGET_NAME)";
				TEST_HOST = "$(BUILT_PRODUCTS_DIR)/project.app/project";
			};
			name = Release;
		};
/* End XCBuildConfiguration section */

/* Begin XCConfigurationList section */
		4F9C1FD61B0A1C6600E6EB3D /* Build configuration list for PBXProject "project" */ = {
			isa = XCConfigurationList;
			buildConfigurations = (
				4F9C1FF81B0A1C6600E6EB3D /* Debug */,
				4F9C1FF91B0A1C6600E6EB3D /* Release */,
			);
			defaultConfigurationIsVisible = 0;
			defaultConfigurationName = Release;
		};
		4F9C1FFA1B0A1C6600E6EB3D /* Build configuration list for PBXNativeTarget "project" */ = {
			isa = XCConfigurationList;
			buildConfigurations = (
				4F9C1FFB1B0A1C6600E6EB3D /* Debug */,
				4F9C1FFC1B0A1C6600E6EB3D /* Release */,
			);
			defaultConfigurationIsVisible = 0;
			defaultConfigurationName = Release;
		};
		4F9C1FFD1B0A1C6600E6EB3D /* Build configuration list for PBXNativeTarget "projectTests" */ = {
			isa = XCConfigurationList;
			buildConfigurations = (
				4F9C1FFE1B0A1C6600E6EB3D /* Debug */,
				4F9C1FFF1B0A1C6600E6EB3D /* Release */,
			);
			defaultConfigurationIsVisible = 0;
			defaultConfigurationName = Release;
		};
/* End XCConfigurationList section */
	};
	rootObject = 4F9C1FD31B0A1C6600E6EB3D /* Project object */;
}
