// !$*UTF8*$!
{
	archiveVersion = 1;
	classes = {
	};
	objectVersion = 46;
	objects = {

/* Begin PBXBuildFile section */
		4FB5D6C71B1618F900CF8420 /* FBSDKCoreKit.framework in Frameworks */ = {isa = PBXBuildFile; fileRef = 4FB5D6C51B1618F900CF8420 /* FBSDKCoreKit.framework */; };
		4FB5D6C81B1618F900CF8420 /* FBSDKLoginKit.framework in Frameworks */ = {isa = PBXBuildFile; fileRef = 4FB5D6C61B1618F900CF8420 /* FBSDKLoginKit.framework */; };
		7D4912BA1B14940600605BA2 /* defaultImage.png in Resources */ = {isa = PBXBuildFile; fileRef = 7D4912B91B14940600605BA2 /* defaultImage.png */; };
		7D8F07691B0F90580011EA45 /* main.m in Sources */ = {isa = PBXBuildFile; fileRef = 7D8F07681B0F90580011EA45 /* main.m */; };
		7D8F076C1B0F90580011EA45 /* MJBAppDelegate.m in Sources */ = {isa = PBXBuildFile; fileRef = 7D8F076B1B0F90580011EA45 /* MJBAppDelegate.m */; };
		7D8F076E1B0F90580011EA45 /* MJUsedBooks-Prefix.pch in Resources */ = {isa = PBXBuildFile; fileRef = 7D8F076D1B0F90580011EA45 /* MJUsedBooks-Prefix.pch */; };
		7D8F07701B0F90580011EA45 /* Images.xcassets in Resources */ = {isa = PBXBuildFile; fileRef = 7D8F076F1B0F90580011EA45 /* Images.xcassets */; };
		7D8F07731B0F90580011EA45 /* LaunchScreen.xib in Resources */ = {isa = PBXBuildFile; fileRef = 7D8F07711B0F90580011EA45 /* LaunchScreen.xib */; };
		7D8F077F1B0F90580011EA45 /* MJUsedBooksTests.m in Sources */ = {isa = PBXBuildFile; fileRef = 7D8F077E1B0F90580011EA45 /* MJUsedBooksTests.m */; };
		7D8F078A1B0F91850011EA45 /* MJBLoginViewController.m in Sources */ = {isa = PBXBuildFile; fileRef = 7D8F07891B0F91850011EA45 /* MJBLoginViewController.m */; };
		7D8F07911B0F93790011EA45 /* MJBViewController.m in Sources */ = {isa = PBXBuildFile; fileRef = 7D8F078F1B0F93790011EA45 /* MJBViewController.m */; };
		7D8F07921B0F93790011EA45 /* MJBViewController.xib in Resources */ = {isa = PBXBuildFile; fileRef = 7D8F07901B0F93790011EA45 /* MJBViewController.xib */; };
		7D8F07981B0FFF0C0011EA45 /* MJBSearchViewController.m in Sources */ = {isa = PBXBuildFile; fileRef = 7D8F07971B0FFF0C0011EA45 /* MJBSearchViewController.m */; };
		7D8F079E1B1003640011EA45 /* MJBMyInfoViewController.m in Sources */ = {isa = PBXBuildFile; fileRef = 7D8F079C1B1003640011EA45 /* MJBMyInfoViewController.m */; };
		7D8F079F1B1003640011EA45 /* MJBMyInfoViewController.xib in Resources */ = {isa = PBXBuildFile; fileRef = 7D8F079D1B1003640011EA45 /* MJBMyInfoViewController.xib */; };
		7D8F07A31B10CE310011EA45 /* MJBAddInfoViewController.m in Sources */ = {isa = PBXBuildFile; fileRef = 7D8F07A11B10CE310011EA45 /* MJBAddInfoViewController.m */; };
		7D8F07A41B10CE310011EA45 /* MJBAddInfoViewController.xib in Resources */ = {isa = PBXBuildFile; fileRef = 7D8F07A21B10CE310011EA45 /* MJBAddInfoViewController.xib */; };
		7D8F07A81B120E730011EA45 /* MJBSellBookViewController.m in Sources */ = {isa = PBXBuildFile; fileRef = 7D8F07A61B120E730011EA45 /* MJBSellBookViewController.m */; };
		7D8F07A91B120E730011EA45 /* MJBSellBookViewController.xib in Resources */ = {isa = PBXBuildFile; fileRef = 7D8F07A71B120E730011EA45 /* MJBSellBookViewController.xib */; };
		7D8F07AD1B133AF30011EA45 /* Arrows-Back-icon-3.png in Resources */ = {isa = PBXBuildFile; fileRef = 7D8F07AC1B133AF30011EA45 /* Arrows-Back-icon-3.png */; };
/* End PBXBuildFile section */

/* Begin PBXContainerItemProxy section */
		7D8F07791B0F90580011EA45 /* PBXContainerItemProxy */ = {
			isa = PBXContainerItemProxy;
			containerPortal = 7D8F075B1B0F90580011EA45 /* Project object */;
			proxyType = 1;
			remoteGlobalIDString = 7D8F07621B0F90580011EA45;
			remoteInfo = MJUsedBooks;
		};
/* End PBXContainerItemProxy section */

/* Begin PBXFileReference section */
		4FB5D6C51B1618F900CF8420 /* FBSDKCoreKit.framework */ = {isa = PBXFileReference; lastKnownFileType = wrapper.framework; path = FBSDKCoreKit.framework; sourceTree = "<group>"; };
		4FB5D6C61B1618F900CF8420 /* FBSDKLoginKit.framework */ = {isa = PBXFileReference; lastKnownFileType = wrapper.framework; path = FBSDKLoginKit.framework; sourceTree = "<group>"; };
		7D4912B91B14940600605BA2 /* defaultImage.png */ = {isa = PBXFileReference; lastKnownFileType = image.png; path = defaultImage.png; sourceTree = "<group>"; };
		7D8F07631B0F90580011EA45 /* MJUsedBooks.app */ = {isa = PBXFileReference; explicitFileType = wrapper.application; includeInIndex = 0; path = MJUsedBooks.app; sourceTree = BUILT_PRODUCTS_DIR; };
		7D8F07671B0F90580011EA45 /* Info.plist */ = {isa = PBXFileReference; lastKnownFileType = text.plist.xml; path = Info.plist; sourceTree = "<group>"; };
		7D8F07681B0F90580011EA45 /* main.m */ = {isa = PBXFileReference; lastKnownFileType = sourcecode.c.objc; path = main.m; sourceTree = "<group>"; };
		7D8F076A1B0F90580011EA45 /* MJBAppDelegate.h */ = {isa = PBXFileReference; lastKnownFileType = sourcecode.c.h; path = MJBAppDelegate.h; sourceTree = "<group>"; };
		7D8F076B1B0F90580011EA45 /* MJBAppDelegate.m */ = {isa = PBXFileReference; lastKnownFileType = sourcecode.c.objc; path = MJBAppDelegate.m; sourceTree = "<group>"; };
		7D8F076D1B0F90580011EA45 /* MJUsedBooks-Prefix.pch */ = {isa = PBXFileReference; lastKnownFileType = sourcecode.c.h; path = "MJUsedBooks-Prefix.pch"; sourceTree = "<group>"; };
		7D8F076F1B0F90580011EA45 /* Images.xcassets */ = {isa = PBXFileReference; lastKnownFileType = folder.assetcatalog; path = Images.xcassets; sourceTree = "<group>"; };
		7D8F07721B0F90580011EA45 /* Base */ = {isa = PBXFileReference; lastKnownFileType = file.xib; name = Base; path = Base.lproj/LaunchScreen.xib; sourceTree = "<group>"; };
		7D8F07781B0F90580011EA45 /* MJUsedBooksTests.xctest */ = {isa = PBXFileReference; explicitFileType = wrapper.cfbundle; includeInIndex = 0; path = MJUsedBooksTests.xctest; sourceTree = BUILT_PRODUCTS_DIR; };
		7D8F077D1B0F90580011EA45 /* Info.plist */ = {isa = PBXFileReference; lastKnownFileType = text.plist.xml; path = Info.plist; sourceTree = "<group>"; };
		7D8F077E1B0F90580011EA45 /* MJUsedBooksTests.m */ = {isa = PBXFileReference; lastKnownFileType = sourcecode.c.objc; path = MJUsedBooksTests.m; sourceTree = "<group>"; };
		7D8F07881B0F91850011EA45 /* MJBLoginViewController.h */ = {isa = PBXFileReference; fileEncoding = 4; lastKnownFileType = sourcecode.c.h; path = MJBLoginViewController.h; sourceTree = "<group>"; };
		7D8F07891B0F91850011EA45 /* MJBLoginViewController.m */ = {isa = PBXFileReference; fileEncoding = 4; lastKnownFileType = sourcecode.c.objc; path = MJBLoginViewController.m; sourceTree = "<group>"; };
		7D8F078E1B0F93790011EA45 /* MJBViewController.h */ = {isa = PBXFileReference; fileEncoding = 4; lastKnownFileType = sourcecode.c.h; path = MJBViewController.h; sourceTree = "<group>"; };
		7D8F078F1B0F93790011EA45 /* MJBViewController.m */ = {isa = PBXFileReference; fileEncoding = 4; lastKnownFileType = sourcecode.c.objc; path = MJBViewController.m; sourceTree = "<group>"; };
		7D8F07901B0F93790011EA45 /* MJBViewController.xib */ = {isa = PBXFileReference; fileEncoding = 4; lastKnownFileType = file.xib; path = MJBViewController.xib; sourceTree = "<group>"; };
		7D8F07961B0FFF0C0011EA45 /* MJBSearchViewController.h */ = {isa = PBXFileReference; fileEncoding = 4; lastKnownFileType = sourcecode.c.h; path = MJBSearchViewController.h; sourceTree = "<group>"; };
		7D8F07971B0FFF0C0011EA45 /* MJBSearchViewController.m */ = {isa = PBXFileReference; fileEncoding = 4; lastKnownFileType = sourcecode.c.objc; path = MJBSearchViewController.m; sourceTree = "<group>"; };
		7D8F079B1B1003640011EA45 /* MJBMyInfoViewController.h */ = {isa = PBXFileReference; fileEncoding = 4; lastKnownFileType = sourcecode.c.h; path = MJBMyInfoViewController.h; sourceTree = "<group>"; };
		7D8F079C1B1003640011EA45 /* MJBMyInfoViewController.m */ = {isa = PBXFileReference; fileEncoding = 4; lastKnownFileType = sourcecode.c.objc; path = MJBMyInfoViewController.m; sourceTree = "<group>"; };
		7D8F079D1B1003640011EA45 /* MJBMyInfoViewController.xib */ = {isa = PBXFileReference; fileEncoding = 4; lastKnownFileType = file.xib; path = MJBMyInfoViewController.xib; sourceTree = "<group>"; };
		7D8F07A01B10CE310011EA45 /* MJBAddInfoViewController.h */ = {isa = PBXFileReference; fileEncoding = 4; lastKnownFileType = sourcecode.c.h; path = MJBAddInfoViewController.h; sourceTree = "<group>"; };
		7D8F07A11B10CE310011EA45 /* MJBAddInfoViewController.m */ = {isa = PBXFileReference; fileEncoding = 4; lastKnownFileType = sourcecode.c.objc; path = MJBAddInfoViewController.m; sourceTree = "<group>"; };
		7D8F07A21B10CE310011EA45 /* MJBAddInfoViewController.xib */ = {isa = PBXFileReference; fileEncoding = 4; lastKnownFileType = file.xib; path = MJBAddInfoViewController.xib; sourceTree = "<group>"; };
		7D8F07A51B120E730011EA45 /* MJBSellBookViewController.h */ = {isa = PBXFileReference; fileEncoding = 4; lastKnownFileType = sourcecode.c.h; path = MJBSellBookViewController.h; sourceTree = "<group>"; };
		7D8F07A61B120E730011EA45 /* MJBSellBookViewController.m */ = {isa = PBXFileReference; fileEncoding = 4; lastKnownFileType = sourcecode.c.objc; path = MJBSellBookViewController.m; sourceTree = "<group>"; };
		7D8F07A71B120E730011EA45 /* MJBSellBookViewController.xib */ = {isa = PBXFileReference; fileEncoding = 4; lastKnownFileType = file.xib; path = MJBSellBookViewController.xib; sourceTree = "<group>"; };
		7D8F07AC1B133AF30011EA45 /* Arrows-Back-icon-3.png */ = {isa = PBXFileReference; lastKnownFileType = image.png; path = "Arrows-Back-icon-3.png"; sourceTree = "<group>"; };
/* End PBXFileReference section */

/* Begin PBXFrameworksBuildPhase section */
		7D8F07601B0F90580011EA45 /* Frameworks */ = {
			isa = PBXFrameworksBuildPhase;
			buildActionMask = 2147483647;
			files = (
				4FB5D6C71B1618F900CF8420 /* FBSDKCoreKit.framework in Frameworks */,
				4FB5D6C81B1618F900CF8420 /* FBSDKLoginKit.framework in Frameworks */,
			);
			runOnlyForDeploymentPostprocessing = 0;
		};
		7D8F07751B0F90580011EA45 /* Frameworks */ = {
			isa = PBXFrameworksBuildPhase;
			buildActionMask = 2147483647;
			files = (
			);
			runOnlyForDeploymentPostprocessing = 0;
		};
/* End PBXFrameworksBuildPhase section */

/* Begin PBXGroup section */
		7D8F075A1B0F90580011EA45 = {
			isa = PBXGroup;
			children = (
				7D4912B91B14940600605BA2 /* defaultImage.png */,
				7D8F07AC1B133AF30011EA45 /* Arrows-Back-icon-3.png */,
				7D8F078D1B0F92310011EA45 /* Framework */,
				7D8F07651B0F90580011EA45 /* MJUsedBooks */,
				7D8F077B1B0F90580011EA45 /* MJUsedBooksTests */,
				7D8F07641B0F90580011EA45 /* Products */,
			);
			sourceTree = "<group>";
		};
		7D8F07641B0F90580011EA45 /* Products */ = {
			isa = PBXGroup;
			children = (
				7D8F07631B0F90580011EA45 /* MJUsedBooks.app */,
				7D8F07781B0F90580011EA45 /* MJUsedBooksTests.xctest */,
			);
			name = Products;
			sourceTree = "<group>";
		};
		7D8F07651B0F90580011EA45 /* MJUsedBooks */ = {
			isa = PBXGroup;
			children = (
				7D8F076A1B0F90580011EA45 /* MJBAppDelegate.h */,
				7D8F076B1B0F90580011EA45 /* MJBAppDelegate.m */,
				7D8F078E1B0F93790011EA45 /* MJBViewController.h */,
				7D8F078F1B0F93790011EA45 /* MJBViewController.m */,
				7D8F07901B0F93790011EA45 /* MJBViewController.xib */,
				7D8F07961B0FFF0C0011EA45 /* MJBSearchViewController.h */,
				7D8F07971B0FFF0C0011EA45 /* MJBSearchViewController.m */,
				7D8F079B1B1003640011EA45 /* MJBMyInfoViewController.h */,
				7D8F079C1B1003640011EA45 /* MJBMyInfoViewController.m */,
				7D8F079D1B1003640011EA45 /* MJBMyInfoViewController.xib */,
				7D8F07A51B120E730011EA45 /* MJBSellBookViewController.h */,
				7D8F07A61B120E730011EA45 /* MJBSellBookViewController.m */,
				7D8F07A71B120E730011EA45 /* MJBSellBookViewController.xib */,
				7D8F07A01B10CE310011EA45 /* MJBAddInfoViewController.h */,
				7D8F07A11B10CE310011EA45 /* MJBAddInfoViewController.m */,
				7D8F07A21B10CE310011EA45 /* MJBAddInfoViewController.xib */,
				7D8F07881B0F91850011EA45 /* MJBLoginViewController.h */,
				7D8F07891B0F91850011EA45 /* MJBLoginViewController.m */,
				7D8F076D1B0F90580011EA45 /* MJUsedBooks-Prefix.pch */,
				7D8F076F1B0F90580011EA45 /* Images.xcassets */,
				7D8F07711B0F90580011EA45 /* LaunchScreen.xib */,
				7D8F07661B0F90580011EA45 /* Supporting Files */,
			);
			path = MJUsedBooks;
			sourceTree = "<group>";
		};
		7D8F07661B0F90580011EA45 /* Supporting Files */ = {
			isa = PBXGroup;
			children = (
				7D8F07671B0F90580011EA45 /* Info.plist */,
				7D8F07681B0F90580011EA45 /* main.m */,
			);
			name = "Supporting Files";
			sourceTree = "<group>";
		};
		7D8F077B1B0F90580011EA45 /* MJUsedBooksTests */ = {
			isa = PBXGroup;
			children = (
				7D8F077E1B0F90580011EA45 /* MJUsedBooksTests.m */,
				7D8F077C1B0F90580011EA45 /* Supporting Files */,
			);
			path = MJUsedBooksTests;
			sourceTree = "<group>";
		};
		7D8F077C1B0F90580011EA45 /* Supporting Files */ = {
			isa = PBXGroup;
			children = (
				7D8F077D1B0F90580011EA45 /* Info.plist */,
			);
			name = "Supporting Files";
			sourceTree = "<group>";
		};
		7D8F078D1B0F92310011EA45 /* Framework */ = {
			isa = PBXGroup;
			children = (
				4FB5D6C51B1618F900CF8420 /* FBSDKCoreKit.framework */,
				4FB5D6C61B1618F900CF8420 /* FBSDKLoginKit.framework */,
			);
			name = Framework;
			sourceTree = "<group>";
		};
/* End PBXGroup section */

/* Begin PBXNativeTarget section */
		7D8F07621B0F90580011EA45 /* MJUsedBooks */ = {
			isa = PBXNativeTarget;
			buildConfigurationList = 7D8F07821B0F90580011EA45 /* Build configuration list for PBXNativeTarget "MJUsedBooks" */;
			buildPhases = (
				7D8F075F1B0F90580011EA45 /* Sources */,
				7D8F07601B0F90580011EA45 /* Frameworks */,
				7D8F07611B0F90580011EA45 /* Resources */,
			);
			buildRules = (
			);
			dependencies = (
			);
			name = MJUsedBooks;
			productName = MJUsedBooks;
			productReference = 7D8F07631B0F90580011EA45 /* MJUsedBooks.app */;
			productType = "com.apple.product-type.application";
		};
		7D8F07771B0F90580011EA45 /* MJUsedBooksTests */ = {
			isa = PBXNativeTarget;
			buildConfigurationList = 7D8F07851B0F90580011EA45 /* Build configuration list for PBXNativeTarget "MJUsedBooksTests" */;
			buildPhases = (
				7D8F07741B0F90580011EA45 /* Sources */,
				7D8F07751B0F90580011EA45 /* Frameworks */,
				7D8F07761B0F90580011EA45 /* Resources */,
			);
			buildRules = (
			);
			dependencies = (
				7D8F077A1B0F90580011EA45 /* PBXTargetDependency */,
			);
			name = MJUsedBooksTests;
			productName = MJUsedBooksTests;
			productReference = 7D8F07781B0F90580011EA45 /* MJUsedBooksTests.xctest */;
			productType = "com.apple.product-type.bundle.unit-test";
		};
/* End PBXNativeTarget section */

/* Begin PBXProject section */
		7D8F075B1B0F90580011EA45 /* Project object */ = {
			isa = PBXProject;
			attributes = {
				CLASSPREFIX = MJB;
				LastUpgradeCheck = 0630;
				ORGANIZATIONNAME = "Myeong Jung";
				TargetAttributes = {
					7D8F07621B0F90580011EA45 = {
						CreatedOnToolsVersion = 6.3.1;
					};
					7D8F07771B0F90580011EA45 = {
						CreatedOnToolsVersion = 6.3.1;
						TestTargetID = 7D8F07621B0F90580011EA45;
					};
				};
			};
			buildConfigurationList = 7D8F075E1B0F90580011EA45 /* Build configuration list for PBXProject "MJUsedBooks" */;
			compatibilityVersion = "Xcode 3.2";
			developmentRegion = English;
			hasScannedForEncodings = 0;
			knownRegions = (
				en,
				Base,
			);
			mainGroup = 7D8F075A1B0F90580011EA45;
			productRefGroup = 7D8F07641B0F90580011EA45 /* Products */;
			projectDirPath = "";
			projectRoot = "";
			targets = (
				7D8F07621B0F90580011EA45 /* MJUsedBooks */,
				7D8F07771B0F90580011EA45 /* MJUsedBooksTests */,
			);
		};
/* End PBXProject section */

/* Begin PBXResourcesBuildPhase section */
		7D8F07611B0F90580011EA45 /* Resources */ = {
			isa = PBXResourcesBuildPhase;
			buildActionMask = 2147483647;
			files = (
				7D8F07AD1B133AF30011EA45 /* Arrows-Back-icon-3.png in Resources */,
				7D8F07A41B10CE310011EA45 /* MJBAddInfoViewController.xib in Resources */,
				7D8F076E1B0F90580011EA45 /* MJUsedBooks-Prefix.pch in Resources */,
				7D8F07731B0F90580011EA45 /* LaunchScreen.xib in Resources */,
				7D8F07921B0F93790011EA45 /* MJBViewController.xib in Resources */,
				7D8F07701B0F90580011EA45 /* Images.xcassets in Resources */,
				7D8F07A91B120E730011EA45 /* MJBSellBookViewController.xib in Resources */,
				7D4912BA1B14940600605BA2 /* defaultImage.png in Resources */,
				7D8F079F1B1003640011EA45 /* MJBMyInfoViewController.xib in Resources */,
			);
			runOnlyForDeploymentPostprocessing = 0;
		};
		7D8F07761B0F90580011EA45 /* Resources */ = {
			isa = PBXResourcesBuildPhase;
			buildActionMask = 2147483647;
			files = (
			);
			runOnlyForDeploymentPostprocessing = 0;
		};
/* End PBXResourcesBuildPhase section */

/* Begin PBXSourcesBuildPhase section */
		7D8F075F1B0F90580011EA45 /* Sources */ = {
			isa = PBXSourcesBuildPhase;
			buildActionMask = 2147483647;
			files = (
				7D8F076C1B0F90580011EA45 /* MJBAppDelegate.m in Sources */,
				7D8F07A81B120E730011EA45 /* MJBSellBookViewController.m in Sources */,
				7D8F078A1B0F91850011EA45 /* MJBLoginViewController.m in Sources */,
				7D8F07911B0F93790011EA45 /* MJBViewController.m in Sources */,
				7D8F07981B0FFF0C0011EA45 /* MJBSearchViewController.m in Sources */,
				7D8F079E1B1003640011EA45 /* MJBMyInfoViewController.m in Sources */,
				7D8F07A31B10CE310011EA45 /* MJBAddInfoViewController.m in Sources */,
				7D8F07691B0F90580011EA45 /* main.m in Sources */,
			);
			runOnlyForDeploymentPostprocessing = 0;
		};
		7D8F07741B0F90580011EA45 /* Sources */ = {
			isa = PBXSourcesBuildPhase;
			buildActionMask = 2147483647;
			files = (
				7D8F077F1B0F90580011EA45 /* MJUsedBooksTests.m in Sources */,
			);
			runOnlyForDeploymentPostprocessing = 0;
		};
/* End PBXSourcesBuildPhase section */

/* Begin PBXTargetDependency section */
		7D8F077A1B0F90580011EA45 /* PBXTargetDependency */ = {
			isa = PBXTargetDependency;
			target = 7D8F07621B0F90580011EA45 /* MJUsedBooks */;
			targetProxy = 7D8F07791B0F90580011EA45 /* PBXContainerItemProxy */;
		};
/* End PBXTargetDependency section */

/* Begin PBXVariantGroup section */
		7D8F07711B0F90580011EA45 /* LaunchScreen.xib */ = {
			isa = PBXVariantGroup;
			children = (
				7D8F07721B0F90580011EA45 /* Base */,
			);
			name = LaunchScreen.xib;
			sourceTree = "<group>";
		};
/* End PBXVariantGroup section */

/* Begin XCBuildConfiguration section */
		7D8F07801B0F90580011EA45 /* Debug */ = {
			isa = XCBuildConfiguration;
			buildSettings = {
				ALWAYS_SEARCH_USER_PATHS = NO;
				CLANG_CXX_LANGUAGE_STANDARD = "gnu++0x";
				CLANG_CXX_LIBRARY = "libc++";
				CLANG_ENABLE_MODULES = YES;
				CLANG_ENABLE_OBJC_ARC = YES;
				CLANG_WARN_BOOL_CONVERSION = YES;
				CLANG_WARN_CONSTANT_CONVERSION = YES;
				CLANG_WARN_DIRECT_OBJC_ISA_USAGE = YES_ERROR;
				CLANG_WARN_EMPTY_BODY = YES;
				CLANG_WARN_ENUM_CONVERSION = YES;
				CLANG_WARN_INT_CONVERSION = YES;
				CLANG_WARN_OBJC_ROOT_CLASS = YES_ERROR;
				CLANG_WARN_UNREACHABLE_CODE = YES;
				CLANG_WARN__DUPLICATE_METHOD_MATCH = YES;
				"CODE_SIGN_IDENTITY[sdk=iphoneos*]" = "iPhone Developer";
				COPY_PHASE_STRIP = NO;
				DEBUG_INFORMATION_FORMAT = "dwarf-with-dsym";
				ENABLE_STRICT_OBJC_MSGSEND = YES;
				GCC_C_LANGUAGE_STANDARD = gnu99;
				GCC_DYNAMIC_NO_PIC = NO;
				GCC_NO_COMMON_BLOCKS = YES;
				GCC_OPTIMIZATION_LEVEL = 0;
				GCC_PREPROCESSOR_DEFINITIONS = (
					"DEBUG=1",
					"$(inherited)",
				);
				GCC_SYMBOLS_PRIVATE_EXTERN = NO;
				GCC_WARN_64_TO_32_BIT_CONVERSION = YES;
				GCC_WARN_ABOUT_RETURN_TYPE = YES_ERROR;
				GCC_WARN_UNDECLARED_SELECTOR = YES;
				GCC_WARN_UNINITIALIZED_AUTOS = YES_AGGRESSIVE;
				GCC_WARN_UNUSED_FUNCTION = YES;
				GCC_WARN_UNUSED_VARIABLE = YES;
				IPHONEOS_DEPLOYMENT_TARGET = 8.3;
				MTL_ENABLE_DEBUG_INFO = YES;
				ONLY_ACTIVE_ARCH = YES;
				SDKROOT = iphoneos;
			};
			name = Debug;
		};
		7D8F07811B0F90580011EA45 /* Release */ = {
			isa = XCBuildConfiguration;
			buildSettings = {
				ALWAYS_SEARCH_USER_PATHS = NO;
				CLANG_CXX_LANGUAGE_STANDARD = "gnu++0x";
				CLANG_CXX_LIBRARY = "libc++";
				CLANG_ENABLE_MODULES = YES;
				CLANG_ENABLE_OBJC_ARC = YES;
				CLANG_WARN_BOOL_CONVERSION = YES;
				CLANG_WARN_CONSTANT_CONVERSION = YES;
				CLANG_WARN_DIRECT_OBJC_ISA_USAGE = YES_ERROR;
				CLANG_WARN_EMPTY_BODY = YES;
				CLANG_WARN_ENUM_CONVERSION = YES;
				CLANG_WARN_INT_CONVERSION = YES;
				CLANG_WARN_OBJC_ROOT_CLASS = YES_ERROR;
				CLANG_WARN_UNREACHABLE_CODE = YES;
				CLANG_WARN__DUPLICATE_METHOD_MATCH = YES;
				"CODE_SIGN_IDENTITY[sdk=iphoneos*]" = "iPhone Developer";
				COPY_PHASE_STRIP = NO;
				DEBUG_INFORMATION_FORMAT = "dwarf-with-dsym";
				ENABLE_NS_ASSERTIONS = NO;
				ENABLE_STRICT_OBJC_MSGSEND = YES;
				GCC_C_LANGUAGE_STANDARD = gnu99;
				GCC_NO_COMMON_BLOCKS = YES;
				GCC_WARN_64_TO_32_BIT_CONVERSION = YES;
				GCC_WARN_ABOUT_RETURN_TYPE = YES_ERROR;
				GCC_WARN_UNDECLARED_SELECTOR = YES;
				GCC_WARN_UNINITIALIZED_AUTOS = YES_AGGRESSIVE;
				GCC_WARN_UNUSED_FUNCTION = YES;
				GCC_WARN_UNUSED_VARIABLE = YES;
				IPHONEOS_DEPLOYMENT_TARGET = 8.3;
				MTL_ENABLE_DEBUG_INFO = NO;
				SDKROOT = iphoneos;
				VALIDATE_PRODUCT = YES;
			};
			name = Release;
		};
		7D8F07831B0F90580011EA45 /* Debug */ = {
			isa = XCBuildConfiguration;
			buildSettings = {
				ASSETCATALOG_COMPILER_APPICON_NAME = AppIcon;
				FRAMEWORK_SEARCH_PATHS = (
					"$(inherited)",
					"$(PROJECT_DIR)",
				);
				INFOPLIST_FILE = MJUsedBooks/Info.plist;
				IPHONEOS_DEPLOYMENT_TARGET = 7.0;
				LD_RUNPATH_SEARCH_PATHS = "$(inherited) @executable_path/Frameworks";
				OTHER_LDFLAGS = "-all_load";
				PRODUCT_NAME = "$(TARGET_NAME)";
			};
			name = Debug;
		};
		7D8F07841B0F90580011EA45 /* Release */ = {
			isa = XCBuildConfiguration;
			buildSettings = {
				ASSETCATALOG_COMPILER_APPICON_NAME = AppIcon;
				FRAMEWORK_SEARCH_PATHS = (
					"$(inherited)",
					"$(PROJECT_DIR)",
				);
				INFOPLIST_FILE = MJUsedBooks/Info.plist;
				IPHONEOS_DEPLOYMENT_TARGET = 7.0;
				LD_RUNPATH_SEARCH_PATHS = "$(inherited) @executable_path/Frameworks";
				OTHER_LDFLAGS = "-all_load";
				PRODUCT_NAME = "$(TARGET_NAME)";
			};
			name = Release;
		};
		7D8F07861B0F90580011EA45 /* Debug */ = {
			isa = XCBuildConfiguration;
			buildSettings = {
				BUNDLE_LOADER = "$(TEST_HOST)";
				FRAMEWORK_SEARCH_PATHS = (
					"$(SDKROOT)/Developer/Library/Frameworks",
					"$(inherited)",
				);
				GCC_PREPROCESSOR_DEFINITIONS = (
					"DEBUG=1",
					"$(inherited)",
				);
				INFOPLIST_FILE = MJUsedBooksTests/Info.plist;
				LD_RUNPATH_SEARCH_PATHS = "$(inherited) @executable_path/Frameworks @loader_path/Frameworks";
				PRODUCT_NAME = "$(TARGET_NAME)";
				TEST_HOST = "$(BUILT_PRODUCTS_DIR)/MJUsedBooks.app/MJUsedBooks";
			};
			name = Debug;
		};
		7D8F07871B0F90580011EA45 /* Release */ = {
			isa = XCBuildConfiguration;
			buildSettings = {
				BUNDLE_LOADER = "$(TEST_HOST)";
				FRAMEWORK_SEARCH_PATHS = (
					"$(SDKROOT)/Developer/Library/Frameworks",
					"$(inherited)",
				);
				INFOPLIST_FILE = MJUsedBooksTests/Info.plist;
				LD_RUNPATH_SEARCH_PATHS = "$(inherited) @executable_path/Frameworks @loader_path/Frameworks";
				PRODUCT_NAME = "$(TARGET_NAME)";
				TEST_HOST = "$(BUILT_PRODUCTS_DIR)/MJUsedBooks.app/MJUsedBooks";
			};
			name = Release;
		};
/* End XCBuildConfiguration section */

/* Begin XCConfigurationList section */
		7D8F075E1B0F90580011EA45 /* Build configuration list for PBXProject "MJUsedBooks" */ = {
			isa = XCConfigurationList;
			buildConfigurations = (
				7D8F07801B0F90580011EA45 /* Debug */,
				7D8F07811B0F90580011EA45 /* Release */,
			);
			defaultConfigurationIsVisible = 0;
			defaultConfigurationName = Release;
		};
		7D8F07821B0F90580011EA45 /* Build configuration list for PBXNativeTarget "MJUsedBooks" */ = {
			isa = XCConfigurationList;
			buildConfigurations = (
				7D8F07831B0F90580011EA45 /* Debug */,
				7D8F07841B0F90580011EA45 /* Release */,
			);
			defaultConfigurationIsVisible = 0;
			defaultConfigurationName = Release;
		};
		7D8F07851B0F90580011EA45 /* Build configuration list for PBXNativeTarget "MJUsedBooksTests" */ = {
			isa = XCConfigurationList;
			buildConfigurations = (
				7D8F07861B0F90580011EA45 /* Debug */,
				7D8F07871B0F90580011EA45 /* Release */,
			);
			defaultConfigurationIsVisible = 0;
			defaultConfigurationName = Release;
		};
/* End XCConfigurationList section */
	};
	rootObject = 7D8F075B1B0F90580011EA45 /* Project object */;
}
