// !$*UTF8*$!
{
	archiveVersion = 1;
	classes = {
	};
	objectVersion = 46;
	objects = {

/* Begin PBXBuildFile section */
		4F6F4B2C1B1F406C005B6148 /* Bolts.framework in Frameworks */ = {isa = PBXBuildFile; fileRef = 4F6F4B2B1B1F406C005B6148 /* Bolts.framework */; };
		4F6F4B2E1B1F458D005B6148 /* Reachability.framework in Frameworks */ = {isa = PBXBuildFile; fileRef = 4F6F4B2D1B1F458D005B6148 /* Reachability.framework */; };
		4F6F4B301B1F45BF005B6148 /* TMCache.framework in Frameworks */ = {isa = PBXBuildFile; fileRef = 4F6F4B2F1B1F45BF005B6148 /* TMCache.framework */; };
		4F6F4B321B1F45D0005B6148 /* UICKeyChainStore.framework in Frameworks */ = {isa = PBXBuildFile; fileRef = 4F6F4B311B1F45D0005B6148 /* UICKeyChainStore.framework */; };
		4F6F4B341B1F45E3005B6148 /* XMLDictionary.framework in Frameworks */ = {isa = PBXBuildFile; fileRef = 4F6F4B331B1F45E3005B6148 /* XMLDictionary.framework */; };
		4F6F4B361B1F45F7005B6148 /* GZIP.framework in Frameworks */ = {isa = PBXBuildFile; fileRef = 4F6F4B351B1F45F7005B6148 /* GZIP.framework */; };
		4F9AC44B1B1E06470007471D /* home_filled.png in Resources */ = {isa = PBXBuildFile; fileRef = 4F9AC4491B1E06470007471D /* home_filled.png */; };
		4F9AC44C1B1E06470007471D /* home.png in Resources */ = {isa = PBXBuildFile; fileRef = 4F9AC44A1B1E06470007471D /* home.png */; };
		4F9AC4501B1E0C350007471D /* search.png in Resources */ = {isa = PBXBuildFile; fileRef = 4F9AC44F1B1E0C350007471D /* search.png */; };
		4F9AC4541B1E0E7C0007471D /* book.png in Resources */ = {isa = PBXBuildFile; fileRef = 4F9AC4531B1E0E7C0007471D /* book.png */; };
		4F9AC45A1B1E3C440007471D /* horizontal-line-blue.jpg in Resources */ = {isa = PBXBuildFile; fileRef = 4F9AC4591B1E3C440007471D /* horizontal-line-blue.jpg */; };
		4FB5D6C71B1618F900CF8420 /* FBSDKCoreKit.framework in Frameworks */ = {isa = PBXBuildFile; fileRef = 4FB5D6C51B1618F900CF8420 /* FBSDKCoreKit.framework */; };
		4FB5D6C81B1618F900CF8420 /* FBSDKLoginKit.framework in Frameworks */ = {isa = PBXBuildFile; fileRef = 4FB5D6C61B1618F900CF8420 /* FBSDKLoginKit.framework */; };
		4FBFD7E51B20187E001746F2 /* create_new-26.png in Resources */ = {isa = PBXBuildFile; fileRef = 4FBFD7E41B20187E001746F2 /* create_new-26.png */; };
		4FBFD7E71B202D88001746F2 /* default.png in Resources */ = {isa = PBXBuildFile; fileRef = 4FBFD7E61B202D88001746F2 /* default.png */; };
		4FBFD7E91B203667001746F2 /* launchScreen.png in Resources */ = {isa = PBXBuildFile; fileRef = 4FBFD7E81B203667001746F2 /* launchScreen.png */; };
		4FC3FAD91B1F6EDF00132142 /* MJBDetailViewController.m in Sources */ = {isa = PBXBuildFile; fileRef = 4FC3FAD71B1F6EDF00132142 /* MJBDetailViewController.m */; };
		4FC3FADA1B1F6EDF00132142 /* MJBDetailViewController.xib in Resources */ = {isa = PBXBuildFile; fileRef = 4FC3FAD81B1F6EDF00132142 /* MJBDetailViewController.xib */; };
		4FC3FADC1B1F789900132142 /* AWSAutoScaling.framework in Frameworks */ = {isa = PBXBuildFile; fileRef = 4FC3FADB1B1F789900132142 /* AWSAutoScaling.framework */; };
		4FCC81221B1ED29200B98761 /* checked.png in Resources */ = {isa = PBXBuildFile; fileRef = 4FCC811E1B1ED29200B98761 /* checked.png */; };
		4FCC81231B1ED29200B98761 /* checked@2x.png in Resources */ = {isa = PBXBuildFile; fileRef = 4FCC811F1B1ED29200B98761 /* checked@2x.png */; };
		4FCC81241B1ED29200B98761 /* unchecked.png in Resources */ = {isa = PBXBuildFile; fileRef = 4FCC81201B1ED29200B98761 /* unchecked.png */; };
		4FCC81251B1ED29200B98761 /* unchecked@2x.png in Resources */ = {isa = PBXBuildFile; fileRef = 4FCC81211B1ED29200B98761 /* unchecked@2x.png */; };
		4FCC815C1B1F1C3E00B98761 /* AWSCore.framework in Frameworks */ = {isa = PBXBuildFile; fileRef = 4FCC815A1B1F1C3E00B98761 /* AWSCore.framework */; };
		4FCC815D1B1F1C3E00B98761 /* AWSS3.framework in Frameworks */ = {isa = PBXBuildFile; fileRef = 4FCC815B1B1F1C3E00B98761 /* AWSS3.framework */; };
		4FCC81601B1F1C6700B98761 /* Mantle.framework in Frameworks */ = {isa = PBXBuildFile; fileRef = 4FCC815F1B1F1C6700B98761 /* Mantle.framework */; };
		4FCC81641B1F1C7900B98761 /* cognito-identity-2014-06-30.json in Resources */ = {isa = PBXBuildFile; fileRef = 4FCC81611B1F1C7900B98761 /* cognito-identity-2014-06-30.json */; };
		4FCC81651B1F1C7900B98761 /* cognito-sync-2014-06-30.json in Resources */ = {isa = PBXBuildFile; fileRef = 4FCC81621B1F1C7900B98761 /* cognito-sync-2014-06-30.json */; };
		4FCC81661B1F1C7900B98761 /* s3-2006-03-01.json in Resources */ = {isa = PBXBuildFile; fileRef = 4FCC81631B1F1C7900B98761 /* s3-2006-03-01.json */; };
		4FCC816B1B1F1C9F00B98761 /* Amazon Software License.txt in Resources */ = {isa = PBXBuildFile; fileRef = 4FCC81681B1F1C9F00B98761 /* Amazon Software License.txt */; };
		4FCC816C1B1F1C9F00B98761 /* AWSCognito.framework in Frameworks */ = {isa = PBXBuildFile; fileRef = 4FCC81691B1F1C9F00B98761 /* AWSCognito.framework */; };
		4FCC816D1B1F1C9F00B98761 /* NOTICE in Resources */ = {isa = PBXBuildFile; fileRef = 4FCC816A1B1F1C9F00B98761 /* NOTICE */; };
		4FD2FC971B1B1B6000AAA75E /* MJBDetailSearchViewController.m in Sources */ = {isa = PBXBuildFile; fileRef = 4FD2FC961B1B1B6000AAA75E /* MJBDetailSearchViewController.m */; };
		4FD342521B2C05360089CE92 /* loginPage.jpeg in Resources */ = {isa = PBXBuildFile; fileRef = 4FD342511B2C05360089CE92 /* loginPage.jpeg */; };
		4FD342541B2C09460089CE92 /* FrontPage.png in Resources */ = {isa = PBXBuildFile; fileRef = 4FD342531B2C09460089CE92 /* FrontPage.png */; };
		7D652ED01B18AB670022DCAC /* MJBMyDealViewController.m in Sources */ = {isa = PBXBuildFile; fileRef = 7D652ECE1B18AB670022DCAC /* MJBMyDealViewController.m */; };
		7D652ED11B18AB670022DCAC /* MJBMyDealViewController.xib in Resources */ = {isa = PBXBuildFile; fileRef = 7D652ECF1B18AB670022DCAC /* MJBMyDealViewController.xib */; };
		7D8F07691B0F90580011EA45 /* main.m in Sources */ = {isa = PBXBuildFile; fileRef = 7D8F07681B0F90580011EA45 /* main.m */; };
		7D8F076C1B0F90580011EA45 /* MJBAppDelegate.m in Sources */ = {isa = PBXBuildFile; fileRef = 7D8F076B1B0F90580011EA45 /* MJBAppDelegate.m */; };
		7D8F076E1B0F90580011EA45 /* MJUsedBooks-Prefix.pch in Resources */ = {isa = PBXBuildFile; fileRef = 7D8F076D1B0F90580011EA45 /* MJUsedBooks-Prefix.pch */; };
		7D8F07701B0F90580011EA45 /* Images.xcassets in Resources */ = {isa = PBXBuildFile; fileRef = 7D8F076F1B0F90580011EA45 /* Images.xcassets */; };
		7D8F07731B0F90580011EA45 /* LaunchScreen.xib in Resources */ = {isa = PBXBuildFile; fileRef = 7D8F07711B0F90580011EA45 /* LaunchScreen.xib */; };
		7D8F077F1B0F90580011EA45 /* MJUsedBooksTests.m in Sources */ = {isa = PBXBuildFile; fileRef = 7D8F077E1B0F90580011EA45 /* MJUsedBooksTests.m */; };
		7D8F078A1B0F91850011EA45 /* MJBLoginViewController.m in Sources */ = {isa = PBXBuildFile; fileRef = 7D8F07891B0F91850011EA45 /* MJBLoginViewController.m */; };
		7D8F07911B0F93790011EA45 /* MJBViewController.m in Sources */ = {isa = PBXBuildFile; fileRef = 7D8F078F1B0F93790011EA45 /* MJBViewController.m */; };
		7D8F07921B0F93790011EA45 /* MJBViewController.xib in Resources */ = {isa = PBXBuildFile; fileRef = 7D8F07901B0F93790011EA45 /* MJBViewController.xib */; };
		7D8F07981B0FFF0C0011EA45 /* MJBSearchViewController.m in Sources */ = {isa = PBXBuildFile; fileRef = 7D8F07971B0FFF0C0011EA45 /* MJBSearchViewController.m */; };
		7D8F079E1B1003640011EA45 /* MJBMyInfoViewController.m in Sources */ = {isa = PBXBuildFile; fileRef = 7D8F079C1B1003640011EA45 /* MJBMyInfoViewController.m */; };
		7D8F079F1B1003640011EA45 /* MJBMyInfoViewController.xib in Resources */ = {isa = PBXBuildFile; fileRef = 7D8F079D1B1003640011EA45 /* MJBMyInfoViewController.xib */; };
		7D8F07A31B10CE310011EA45 /* MJBAddInfoViewController.m in Sources */ = {isa = PBXBuildFile; fileRef = 7D8F07A11B10CE310011EA45 /* MJBAddInfoViewController.m */; };
		7D8F07A41B10CE310011EA45 /* MJBAddInfoViewController.xib in Resources */ = {isa = PBXBuildFile; fileRef = 7D8F07A21B10CE310011EA45 /* MJBAddInfoViewController.xib */; };
		7D8F07A81B120E730011EA45 /* MJBSellBookViewController.m in Sources */ = {isa = PBXBuildFile; fileRef = 7D8F07A61B120E730011EA45 /* MJBSellBookViewController.m */; };
		7D8F07A91B120E730011EA45 /* MJBSellBookViewController.xib in Resources */ = {isa = PBXBuildFile; fileRef = 7D8F07A71B120E730011EA45 /* MJBSellBookViewController.xib */; };
		7D8F07AD1B133AF30011EA45 /* Arrows-Back-icon-3.png in Resources */ = {isa = PBXBuildFile; fileRef = 7D8F07AC1B133AF30011EA45 /* Arrows-Back-icon-3.png */; };
/* End PBXBuildFile section */

/* Begin PBXContainerItemProxy section */
		7D8F07791B0F90580011EA45 /* PBXContainerItemProxy */ = {
			isa = PBXContainerItemProxy;
			containerPortal = 7D8F075B1B0F90580011EA45 /* Project object */;
			proxyType = 1;
			remoteGlobalIDString = 7D8F07621B0F90580011EA45;
			remoteInfo = MJUsedBooks;
		};
/* End PBXContainerItemProxy section */

/* Begin PBXFileReference section */
		4F6F4B2B1B1F406C005B6148 /* Bolts.framework */ = {isa = PBXFileReference; lastKnownFileType = wrapper.framework; name = Bolts.framework; path = extras/Bolts.framework; sourceTree = "<group>"; };
		4F6F4B2D1B1F458D005B6148 /* Reachability.framework */ = {isa = PBXFileReference; lastKnownFileType = wrapper.framework; path = Reachability.framework; sourceTree = "<group>"; };
		4F6F4B2F1B1F45BF005B6148 /* TMCache.framework */ = {isa = PBXFileReference; lastKnownFileType = wrapper.framework; path = TMCache.framework; sourceTree = "<group>"; };
		4F6F4B311B1F45D0005B6148 /* UICKeyChainStore.framework */ = {isa = PBXFileReference; lastKnownFileType = wrapper.framework; path = UICKeyChainStore.framework; sourceTree = "<group>"; };
		4F6F4B331B1F45E3005B6148 /* XMLDictionary.framework */ = {isa = PBXFileReference; lastKnownFileType = wrapper.framework; path = XMLDictionary.framework; sourceTree = "<group>"; };
		4F6F4B351B1F45F7005B6148 /* GZIP.framework */ = {isa = PBXFileReference; lastKnownFileType = wrapper.framework; path = GZIP.framework; sourceTree = "<group>"; };
		4F9AC4491B1E06470007471D /* home_filled.png */ = {isa = PBXFileReference; lastKnownFileType = image.png; path = home_filled.png; sourceTree = "<group>"; };
		4F9AC44A1B1E06470007471D /* home.png */ = {isa = PBXFileReference; lastKnownFileType = image.png; path = home.png; sourceTree = "<group>"; };
		4F9AC44F1B1E0C350007471D /* search.png */ = {isa = PBXFileReference; lastKnownFileType = image.png; path = search.png; sourceTree = "<group>"; };
		4F9AC4531B1E0E7C0007471D /* book.png */ = {isa = PBXFileReference; lastKnownFileType = image.png; path = book.png; sourceTree = "<group>"; };
		4F9AC4591B1E3C440007471D /* horizontal-line-blue.jpg */ = {isa = PBXFileReference; lastKnownFileType = image.jpeg; path = "horizontal-line-blue.jpg"; sourceTree = "<group>"; };
		4FB5D6C51B1618F900CF8420 /* FBSDKCoreKit.framework */ = {isa = PBXFileReference; lastKnownFileType = wrapper.framework; path = FBSDKCoreKit.framework; sourceTree = "<group>"; };
		4FB5D6C61B1618F900CF8420 /* FBSDKLoginKit.framework */ = {isa = PBXFileReference; lastKnownFileType = wrapper.framework; path = FBSDKLoginKit.framework; sourceTree = "<group>"; };
		4FBFD7E41B20187E001746F2 /* create_new-26.png */ = {isa = PBXFileReference; lastKnownFileType = image.png; path = "create_new-26.png"; sourceTree = "<group>"; };
		4FBFD7E61B202D88001746F2 /* default.png */ = {isa = PBXFileReference; lastKnownFileType = image.png; path = default.png; sourceTree = "<group>"; };
		4FBFD7E81B203667001746F2 /* launchScreen.png */ = {isa = PBXFileReference; lastKnownFileType = image.png; path = launchScreen.png; sourceTree = "<group>"; };
		4FC3FAD61B1F6EDF00132142 /* MJBDetailViewController.h */ = {isa = PBXFileReference; fileEncoding = 4; lastKnownFileType = sourcecode.c.h; path = MJBDetailViewController.h; sourceTree = "<group>"; };
		4FC3FAD71B1F6EDF00132142 /* MJBDetailViewController.m */ = {isa = PBXFileReference; fileEncoding = 4; lastKnownFileType = sourcecode.c.objc; path = MJBDetailViewController.m; sourceTree = "<group>"; };
		4FC3FAD81B1F6EDF00132142 /* MJBDetailViewController.xib */ = {isa = PBXFileReference; fileEncoding = 4; lastKnownFileType = file.xib; path = MJBDetailViewController.xib; sourceTree = "<group>"; };
		4FC3FADB1B1F789900132142 /* AWSAutoScaling.framework */ = {isa = PBXFileReference; lastKnownFileType = wrapper.framework; path = AWSAutoScaling.framework; sourceTree = "<group>"; };
		4FCC811E1B1ED29200B98761 /* checked.png */ = {isa = PBXFileReference; lastKnownFileType = image.png; path = checked.png; sourceTree = "<group>"; };
		4FCC811F1B1ED29200B98761 /* checked@2x.png */ = {isa = PBXFileReference; lastKnownFileType = image.png; path = "checked@2x.png"; sourceTree = "<group>"; };
		4FCC81201B1ED29200B98761 /* unchecked.png */ = {isa = PBXFileReference; lastKnownFileType = image.png; path = unchecked.png; sourceTree = "<group>"; };
		4FCC81211B1ED29200B98761 /* unchecked@2x.png */ = {isa = PBXFileReference; lastKnownFileType = image.png; path = "unchecked@2x.png"; sourceTree = "<group>"; };
		4FCC815A1B1F1C3E00B98761 /* AWSCore.framework */ = {isa = PBXFileReference; lastKnownFileType = wrapper.framework; path = AWSCore.framework; sourceTree = "<group>"; };
		4FCC815B1B1F1C3E00B98761 /* AWSS3.framework */ = {isa = PBXFileReference; lastKnownFileType = wrapper.framework; path = AWSS3.framework; sourceTree = "<group>"; };
		4FCC815F1B1F1C6700B98761 /* Mantle.framework */ = {isa = PBXFileReference; lastKnownFileType = wrapper.framework; path = Mantle.framework; sourceTree = "<group>"; };
		4FCC81611B1F1C7900B98761 /* cognito-identity-2014-06-30.json */ = {isa = PBXFileReference; fileEncoding = 4; lastKnownFileType = text.json; path = "cognito-identity-2014-06-30.json"; sourceTree = "<group>"; };
		4FCC81621B1F1C7900B98761 /* cognito-sync-2014-06-30.json */ = {isa = PBXFileReference; fileEncoding = 4; lastKnownFileType = text.json; path = "cognito-sync-2014-06-30.json"; sourceTree = "<group>"; };
		4FCC81631B1F1C7900B98761 /* s3-2006-03-01.json */ = {isa = PBXFileReference; fileEncoding = 4; lastKnownFileType = text.json; path = "s3-2006-03-01.json"; sourceTree = "<group>"; };
		4FCC81681B1F1C9F00B98761 /* Amazon Software License.txt */ = {isa = PBXFileReference; fileEncoding = 4; lastKnownFileType = text; path = "Amazon Software License.txt"; sourceTree = "<group>"; };
		4FCC81691B1F1C9F00B98761 /* AWSCognito.framework */ = {isa = PBXFileReference; lastKnownFileType = wrapper.framework; path = AWSCognito.framework; sourceTree = "<group>"; };
		4FCC816A1B1F1C9F00B98761 /* NOTICE */ = {isa = PBXFileReference; fileEncoding = 4; lastKnownFileType = text; path = NOTICE; sourceTree = "<group>"; };
		4FD2FC951B1B1B6000AAA75E /* MJBDetailSearchViewController.h */ = {isa = PBXFileReference; fileEncoding = 4; lastKnownFileType = sourcecode.c.h; path = MJBDetailSearchViewController.h; sourceTree = "<group>"; };
		4FD2FC961B1B1B6000AAA75E /* MJBDetailSearchViewController.m */ = {isa = PBXFileReference; fileEncoding = 4; lastKnownFileType = sourcecode.c.objc; path = MJBDetailSearchViewController.m; sourceTree = "<group>"; };
		4FD342511B2C05360089CE92 /* loginPage.jpeg */ = {isa = PBXFileReference; lastKnownFileType = image.jpeg; path = loginPage.jpeg; sourceTree = "<group>"; };
		4FD342531B2C09460089CE92 /* FrontPage.png */ = {isa = PBXFileReference; lastKnownFileType = image.png; path = FrontPage.png; sourceTree = "<group>"; };
		7D652ECD1B18AB670022DCAC /* MJBMyDealViewController.h */ = {isa = PBXFileReference; fileEncoding = 4; lastKnownFileType = sourcecode.c.h; path = MJBMyDealViewController.h; sourceTree = "<group>"; };
		7D652ECE1B18AB670022DCAC /* MJBMyDealViewController.m */ = {isa = PBXFileReference; fileEncoding = 4; lastKnownFileType = sourcecode.c.objc; path = MJBMyDealViewController.m; sourceTree = "<group>"; };
		7D652ECF1B18AB670022DCAC /* MJBMyDealViewController.xib */ = {isa = PBXFileReference; fileEncoding = 4; lastKnownFileType = file.xib; path = MJBMyDealViewController.xib; sourceTree = "<group>"; };
		7D8F07631B0F90580011EA45 /* MJUsedBooks.app */ = {isa = PBXFileReference; explicitFileType = wrapper.application; includeInIndex = 0; path = MJUsedBooks.app; sourceTree = BUILT_PRODUCTS_DIR; };
		7D8F07671B0F90580011EA45 /* Info.plist */ = {isa = PBXFileReference; lastKnownFileType = text.plist.xml; path = Info.plist; sourceTree = "<group>"; };
		7D8F07681B0F90580011EA45 /* main.m */ = {isa = PBXFileReference; lastKnownFileType = sourcecode.c.objc; path = main.m; sourceTree = "<group>"; };
		7D8F076A1B0F90580011EA45 /* MJBAppDelegate.h */ = {isa = PBXFileReference; lastKnownFileType = sourcecode.c.h; path = MJBAppDelegate.h; sourceTree = "<group>"; };
		7D8F076B1B0F90580011EA45 /* MJBAppDelegate.m */ = {isa = PBXFileReference; lastKnownFileType = sourcecode.c.objc; path = MJBAppDelegate.m; sourceTree = "<group>"; };
		7D8F076D1B0F90580011EA45 /* MJUsedBooks-Prefix.pch */ = {isa = PBXFileReference; lastKnownFileType = sourcecode.c.h; path = "MJUsedBooks-Prefix.pch"; sourceTree = "<group>"; };
		7D8F076F1B0F90580011EA45 /* Images.xcassets */ = {isa = PBXFileReference; lastKnownFileType = folder.assetcatalog; path = Images.xcassets; sourceTree = "<group>"; };
		7D8F07721B0F90580011EA45 /* Base */ = {isa = PBXFileReference; lastKnownFileType = file.xib; name = Base; path = Base.lproj/LaunchScreen.xib; sourceTree = "<group>"; };
		7D8F07781B0F90580011EA45 /* MJUsedBooksTests.xctest */ = {isa = PBXFileReference; explicitFileType = wrapper.cfbundle; includeInIndex = 0; path = MJUsedBooksTests.xctest; sourceTree = BUILT_PRODUCTS_DIR; };
		7D8F077D1B0F90580011EA45 /* Info.plist */ = {isa = PBXFileReference; lastKnownFileType = text.plist.xml; path = Info.plist; sourceTree = "<group>"; };
		7D8F077E1B0F90580011EA45 /* MJUsedBooksTests.m */ = {isa = PBXFileReference; lastKnownFileType = sourcecode.c.objc; path = MJUsedBooksTests.m; sourceTree = "<group>"; };
		7D8F07881B0F91850011EA45 /* MJBLoginViewController.h */ = {isa = PBXFileReference; fileEncoding = 4; lastKnownFileType = sourcecode.c.h; path = MJBLoginViewController.h; sourceTree = "<group>"; };
		7D8F07891B0F91850011EA45 /* MJBLoginViewController.m */ = {isa = PBXFileReference; fileEncoding = 4; lastKnownFileType = sourcecode.c.objc; path = MJBLoginViewController.m; sourceTree = "<group>"; };
		7D8F078E1B0F93790011EA45 /* MJBViewController.h */ = {isa = PBXFileReference; fileEncoding = 4; lastKnownFileType = sourcecode.c.h; path = MJBViewController.h; sourceTree = "<group>"; };
		7D8F078F1B0F93790011EA45 /* MJBViewController.m */ = {isa = PBXFileReference; fileEncoding = 4; lastKnownFileType = sourcecode.c.objc; path = MJBViewController.m; sourceTree = "<group>"; };
		7D8F07901B0F93790011EA45 /* MJBViewController.xib */ = {isa = PBXFileReference; fileEncoding = 4; lastKnownFileType = file.xib; path = MJBViewController.xib; sourceTree = "<group>"; };
		7D8F07961B0FFF0C0011EA45 /* MJBSearchViewController.h */ = {isa = PBXFileReference; fileEncoding = 4; lastKnownFileType = sourcecode.c.h; path = MJBSearchViewController.h; sourceTree = "<group>"; };
		7D8F07971B0FFF0C0011EA45 /* MJBSearchViewController.m */ = {isa = PBXFileReference; fileEncoding = 4; lastKnownFileType = sourcecode.c.objc; path = MJBSearchViewController.m; sourceTree = "<group>"; };
		7D8F079B1B1003640011EA45 /* MJBMyInfoViewController.h */ = {isa = PBXFileReference; fileEncoding = 4; lastKnownFileType = sourcecode.c.h; path = MJBMyInfoViewController.h; sourceTree = "<group>"; };
		7D8F079C1B1003640011EA45 /* MJBMyInfoViewController.m */ = {isa = PBXFileReference; fileEncoding = 4; lastKnownFileType = sourcecode.c.objc; path = MJBMyInfoViewController.m; sourceTree = "<group>"; };
		7D8F079D1B1003640011EA45 /* MJBMyInfoViewController.xib */ = {isa = PBXFileReference; fileEncoding = 4; lastKnownFileType = file.xib; path = MJBMyInfoViewController.xib; sourceTree = "<group>"; };
		7D8F07A01B10CE310011EA45 /* MJBAddInfoViewController.h */ = {isa = PBXFileReference; fileEncoding = 4; lastKnownFileType = sourcecode.c.h; path = MJBAddInfoViewController.h; sourceTree = "<group>"; };
		7D8F07A11B10CE310011EA45 /* MJBAddInfoViewController.m */ = {isa = PBXFileReference; fileEncoding = 4; lastKnownFileType = sourcecode.c.objc; path = MJBAddInfoViewController.m; sourceTree = "<group>"; };
		7D8F07A21B10CE310011EA45 /* MJBAddInfoViewController.xib */ = {isa = PBXFileReference; fileEncoding = 4; lastKnownFileType = file.xib; path = MJBAddInfoViewController.xib; sourceTree = "<group>"; };
		7D8F07A51B120E730011EA45 /* MJBSellBookViewController.h */ = {isa = PBXFileReference; fileEncoding = 4; lastKnownFileType = sourcecode.c.h; path = MJBSellBookViewController.h; sourceTree = "<group>"; };
		7D8F07A61B120E730011EA45 /* MJBSellBookViewController.m */ = {isa = PBXFileReference; fileEncoding = 4; lastKnownFileType = sourcecode.c.objc; path = MJBSellBookViewController.m; sourceTree = "<group>"; };
		7D8F07A71B120E730011EA45 /* MJBSellBookViewController.xib */ = {isa = PBXFileReference; fileEncoding = 4; lastKnownFileType = file.xib; path = MJBSellBookViewController.xib; sourceTree = "<group>"; };
		7D8F07AC1B133AF30011EA45 /* Arrows-Back-icon-3.png */ = {isa = PBXFileReference; lastKnownFileType = image.png; path = "Arrows-Back-icon-3.png"; sourceTree = "<group>"; };
/* End PBXFileReference section */

/* Begin PBXFrameworksBuildPhase section */
		7D8F07601B0F90580011EA45 /* Frameworks */ = {
			isa = PBXFrameworksBuildPhase;
			buildActionMask = 2147483647;
			files = (
				4FCC816C1B1F1C9F00B98761 /* AWSCognito.framework in Frameworks */,
				4FCC815D1B1F1C3E00B98761 /* AWSS3.framework in Frameworks */,
				4FCC81601B1F1C6700B98761 /* Mantle.framework in Frameworks */,
				4F6F4B2E1B1F458D005B6148 /* Reachability.framework in Frameworks */,
				4F6F4B361B1F45F7005B6148 /* GZIP.framework in Frameworks */,
				4FB5D6C71B1618F900CF8420 /* FBSDKCoreKit.framework in Frameworks */,
				4F6F4B301B1F45BF005B6148 /* TMCache.framework in Frameworks */,
				4FB5D6C81B1618F900CF8420 /* FBSDKLoginKit.framework in Frameworks */,
				4FCC815C1B1F1C3E00B98761 /* AWSCore.framework in Frameworks */,
				4F6F4B321B1F45D0005B6148 /* UICKeyChainStore.framework in Frameworks */,
				4F6F4B341B1F45E3005B6148 /* XMLDictionary.framework in Frameworks */,
				4F6F4B2C1B1F406C005B6148 /* Bolts.framework in Frameworks */,
				4FC3FADC1B1F789900132142 /* AWSAutoScaling.framework in Frameworks */,
			);
			runOnlyForDeploymentPostprocessing = 0;
		};
		7D8F07751B0F90580011EA45 /* Frameworks */ = {
			isa = PBXFrameworksBuildPhase;
			buildActionMask = 2147483647;
			files = (
			);
			runOnlyForDeploymentPostprocessing = 0;
		};
/* End PBXFrameworksBuildPhase section */

/* Begin PBXGroup section */
		4FCC815E1B1F1C4500B98761 /* json */ = {
			isa = PBXGroup;
			children = (
				4FCC81611B1F1C7900B98761 /* cognito-identity-2014-06-30.json */,
				4FCC81621B1F1C7900B98761 /* cognito-sync-2014-06-30.json */,
				4FCC81631B1F1C7900B98761 /* s3-2006-03-01.json */,
			);
			name = json;
			sourceTree = "<group>";
		};
		4FCC81671B1F1C9F00B98761 /* extras */ = {
			isa = PBXGroup;
			children = (
				4FCC81681B1F1C9F00B98761 /* Amazon Software License.txt */,
				4FCC81691B1F1C9F00B98761 /* AWSCognito.framework */,
				4FCC816A1B1F1C9F00B98761 /* NOTICE */,
			);
			path = extras;
			sourceTree = "<group>";
		};
		7D8F075A1B0F90580011EA45 = {
			isa = PBXGroup;
			children = (
				4FCC811E1B1ED29200B98761 /* checked.png */,
				4FCC811F1B1ED29200B98761 /* checked@2x.png */,
				4FCC81201B1ED29200B98761 /* unchecked.png */,
				4FCC81211B1ED29200B98761 /* unchecked@2x.png */,
				7D8F07AC1B133AF30011EA45 /* Arrows-Back-icon-3.png */,
				4F9AC4491B1E06470007471D /* home_filled.png */,
				4F9AC44A1B1E06470007471D /* home.png */,
				4F9AC44F1B1E0C350007471D /* search.png */,
				4F9AC4531B1E0E7C0007471D /* book.png */,
				4FBFD7E61B202D88001746F2 /* default.png */,
				4FBFD7E41B20187E001746F2 /* create_new-26.png */,
				4F9AC4591B1E3C440007471D /* horizontal-line-blue.jpg */,
				4FBFD7E81B203667001746F2 /* launchScreen.png */,
				4FD342511B2C05360089CE92 /* loginPage.jpeg */,
				4FD342531B2C09460089CE92 /* FrontPage.png */,
				4FCC815E1B1F1C4500B98761 /* json */,
				7D8F078D1B0F92310011EA45 /* Framework */,
				7D8F07651B0F90580011EA45 /* MJUsedBooks */,
				7D8F077B1B0F90580011EA45 /* MJUsedBooksTests */,
				7D8F07641B0F90580011EA45 /* Products */,
			);
			sourceTree = "<group>";
		};
		7D8F07641B0F90580011EA45 /* Products */ = {
			isa = PBXGroup;
			children = (
				7D8F07631B0F90580011EA45 /* MJUsedBooks.app */,
				7D8F07781B0F90580011EA45 /* MJUsedBooksTests.xctest */,
			);
			name = Products;
			sourceTree = "<group>";
		};
		7D8F07651B0F90580011EA45 /* MJUsedBooks */ = {
			isa = PBXGroup;
			children = (
				7D8F076A1B0F90580011EA45 /* MJBAppDelegate.h */,
				7D8F076B1B0F90580011EA45 /* MJBAppDelegate.m */,
				7D8F078E1B0F93790011EA45 /* MJBViewController.h */,
				7D8F078F1B0F93790011EA45 /* MJBViewController.m */,
				7D8F07901B0F93790011EA45 /* MJBViewController.xib */,
				7D8F07961B0FFF0C0011EA45 /* MJBSearchViewController.h */,
				7D8F07971B0FFF0C0011EA45 /* MJBSearchViewController.m */,
				4FD2FC951B1B1B6000AAA75E /* MJBDetailSearchViewController.h */,
				4FD2FC961B1B1B6000AAA75E /* MJBDetailSearchViewController.m */,
				7D8F079B1B1003640011EA45 /* MJBMyInfoViewController.h */,
				7D8F079C1B1003640011EA45 /* MJBMyInfoViewController.m */,
				7D8F079D1B1003640011EA45 /* MJBMyInfoViewController.xib */,
				7D8F07A51B120E730011EA45 /* MJBSellBookViewController.h */,
				7D8F07A61B120E730011EA45 /* MJBSellBookViewController.m */,
				7D8F07A71B120E730011EA45 /* MJBSellBookViewController.xib */,
				7D652ECD1B18AB670022DCAC /* MJBMyDealViewController.h */,
				7D652ECE1B18AB670022DCAC /* MJBMyDealViewController.m */,
				7D652ECF1B18AB670022DCAC /* MJBMyDealViewController.xib */,
				7D8F07A01B10CE310011EA45 /* MJBAddInfoViewController.h */,
				7D8F07A11B10CE310011EA45 /* MJBAddInfoViewController.m */,
				7D8F07A21B10CE310011EA45 /* MJBAddInfoViewController.xib */,
				7D8F07881B0F91850011EA45 /* MJBLoginViewController.h */,
				7D8F07891B0F91850011EA45 /* MJBLoginViewController.m */,
				4FC3FAD61B1F6EDF00132142 /* MJBDetailViewController.h */,
				4FC3FAD71B1F6EDF00132142 /* MJBDetailViewController.m */,
				4FC3FAD81B1F6EDF00132142 /* MJBDetailViewController.xib */,
				7D8F076D1B0F90580011EA45 /* MJUsedBooks-Prefix.pch */,
				7D8F076F1B0F90580011EA45 /* Images.xcassets */,
				7D8F07711B0F90580011EA45 /* LaunchScreen.xib */,
				7D8F07661B0F90580011EA45 /* Supporting Files */,
			);
			path = MJUsedBooks;
			sourceTree = "<group>";
		};
		7D8F07661B0F90580011EA45 /* Supporting Files */ = {
			isa = PBXGroup;
			children = (
				7D8F07671B0F90580011EA45 /* Info.plist */,
				7D8F07681B0F90580011EA45 /* main.m */,
			);
			name = "Supporting Files";
			sourceTree = "<group>";
		};
		7D8F077B1B0F90580011EA45 /* MJUsedBooksTests */ = {
			isa = PBXGroup;
			children = (
				7D8F077E1B0F90580011EA45 /* MJUsedBooksTests.m */,
				7D8F077C1B0F90580011EA45 /* Supporting Files */,
			);
			path = MJUsedBooksTests;
			sourceTree = "<group>";
		};
		7D8F077C1B0F90580011EA45 /* Supporting Files */ = {
			isa = PBXGroup;
			children = (
				7D8F077D1B0F90580011EA45 /* Info.plist */,
			);
			name = "Supporting Files";
			sourceTree = "<group>";
		};
		7D8F078D1B0F92310011EA45 /* Framework */ = {
			isa = PBXGroup;
			children = (
				4FC3FADB1B1F789900132142 /* AWSAutoScaling.framework */,
				4F6F4B351B1F45F7005B6148 /* GZIP.framework */,
				4F6F4B331B1F45E3005B6148 /* XMLDictionary.framework */,
				4F6F4B311B1F45D0005B6148 /* UICKeyChainStore.framework */,
				4F6F4B2F1B1F45BF005B6148 /* TMCache.framework */,
				4F6F4B2D1B1F458D005B6148 /* Reachability.framework */,
				4F6F4B2B1B1F406C005B6148 /* Bolts.framework */,
				4FCC81671B1F1C9F00B98761 /* extras */,
				4FCC815F1B1F1C6700B98761 /* Mantle.framework */,
				4FCC815A1B1F1C3E00B98761 /* AWSCore.framework */,
				4FCC815B1B1F1C3E00B98761 /* AWSS3.framework */,
				4FB5D6C51B1618F900CF8420 /* FBSDKCoreKit.framework */,
				4FB5D6C61B1618F900CF8420 /* FBSDKLoginKit.framework */,
			);
			name = Framework;
			sourceTree = "<group>";
		};
/* End PBXGroup section */

/* Begin PBXNativeTarget section */
		7D8F07621B0F90580011EA45 /* MJUsedBooks */ = {
			isa = PBXNativeTarget;
			buildConfigurationList = 7D8F07821B0F90580011EA45 /* Build configuration list for PBXNativeTarget "MJUsedBooks" */;
			buildPhases = (
				7D8F075F1B0F90580011EA45 /* Sources */,
				7D8F07601B0F90580011EA45 /* Frameworks */,
				7D8F07611B0F90580011EA45 /* Resources */,
			);
			buildRules = (
			);
			dependencies = (
			);
			name = MJUsedBooks;
			productName = MJUsedBooks;
			productReference = 7D8F07631B0F90580011EA45 /* MJUsedBooks.app */;
			productType = "com.apple.product-type.application";
		};
		7D8F07771B0F90580011EA45 /* MJUsedBooksTests */ = {
			isa = PBXNativeTarget;
			buildConfigurationList = 7D8F07851B0F90580011EA45 /* Build configuration list for PBXNativeTarget "MJUsedBooksTests" */;
			buildPhases = (
				7D8F07741B0F90580011EA45 /* Sources */,
				7D8F07751B0F90580011EA45 /* Frameworks */,
				7D8F07761B0F90580011EA45 /* Resources */,
			);
			buildRules = (
			);
			dependencies = (
				7D8F077A1B0F90580011EA45 /* PBXTargetDependency */,
			);
			name = MJUsedBooksTests;
			productName = MJUsedBooksTests;
			productReference = 7D8F07781B0F90580011EA45 /* MJUsedBooksTests.xctest */;
			productType = "com.apple.product-type.bundle.unit-test";
		};
/* End PBXNativeTarget section */

/* Begin PBXProject section */
		7D8F075B1B0F90580011EA45 /* Project object */ = {
			isa = PBXProject;
			attributes = {
				CLASSPREFIX = MJB;
				LastUpgradeCheck = 0630;
				ORGANIZATIONNAME = "Myeong Jung";
				TargetAttributes = {
					7D8F07621B0F90580011EA45 = {
						CreatedOnToolsVersion = 6.3.1;
					};
					7D8F07771B0F90580011EA45 = {
						CreatedOnToolsVersion = 6.3.1;
						TestTargetID = 7D8F07621B0F90580011EA45;
					};
				};
			};
			buildConfigurationList = 7D8F075E1B0F90580011EA45 /* Build configuration list for PBXProject "MJUsedBooks" */;
			compatibilityVersion = "Xcode 3.2";
			developmentRegion = English;
			hasScannedForEncodings = 0;
			knownRegions = (
				en,
				Base,
			);
			mainGroup = 7D8F075A1B0F90580011EA45;
			productRefGroup = 7D8F07641B0F90580011EA45 /* Products */;
			projectDirPath = "";
			projectRoot = "";
			targets = (
				7D8F07621B0F90580011EA45 /* MJUsedBooks */,
				7D8F07771B0F90580011EA45 /* MJUsedBooksTests */,
			);
		};
/* End PBXProject section */

/* Begin PBXResourcesBuildPhase section */
		7D8F07611B0F90580011EA45 /* Resources */ = {
			isa = PBXResourcesBuildPhase;
			buildActionMask = 2147483647;
			files = (
				7D8F07AD1B133AF30011EA45 /* Arrows-Back-icon-3.png in Resources */,
				7D8F07A41B10CE310011EA45 /* MJBAddInfoViewController.xib in Resources */,
				4FC3FADA1B1F6EDF00132142 /* MJBDetailViewController.xib in Resources */,
				7D8F076E1B0F90580011EA45 /* MJUsedBooks-Prefix.pch in Resources */,
				4FD342541B2C09460089CE92 /* FrontPage.png in Resources */,
				4FBFD7E51B20187E001746F2 /* create_new-26.png in Resources */,
				4FCC81651B1F1C7900B98761 /* cognito-sync-2014-06-30.json in Resources */,
				7D8F07731B0F90580011EA45 /* LaunchScreen.xib in Resources */,
				7D8F07921B0F93790011EA45 /* MJBViewController.xib in Resources */,
				4FD342521B2C05360089CE92 /* loginPage.jpeg in Resources */,
				4FCC81221B1ED29200B98761 /* checked.png in Resources */,
				4FCC81641B1F1C7900B98761 /* cognito-identity-2014-06-30.json in Resources */,
				4FCC816D1B1F1C9F00B98761 /* NOTICE in Resources */,
				4F9AC44B1B1E06470007471D /* home_filled.png in Resources */,
				4F9AC4541B1E0E7C0007471D /* book.png in Resources */,
				4FCC81251B1ED29200B98761 /* unchecked@2x.png in Resources */,
				4F9AC45A1B1E3C440007471D /* horizontal-line-blue.jpg in Resources */,
				7D8F07701B0F90580011EA45 /* Images.xcassets in Resources */,
				7D652ED11B18AB670022DCAC /* MJBMyDealViewController.xib in Resources */,
				4FBFD7E91B203667001746F2 /* launchScreen.png in Resources */,
				4F9AC4501B1E0C350007471D /* search.png in Resources */,
				4F9AC44C1B1E06470007471D /* home.png in Resources */,
				7D8F07A91B120E730011EA45 /* MJBSellBookViewController.xib in Resources */,
				4FCC81231B1ED29200B98761 /* checked@2x.png in Resources */,
				4FBFD7E71B202D88001746F2 /* default.png in Resources */,
				4FCC816B1B1F1C9F00B98761 /* Amazon Software License.txt in Resources */,
				4FCC81241B1ED29200B98761 /* unchecked.png in Resources */,
				7D8F079F1B1003640011EA45 /* MJBMyInfoViewController.xib in Resources */,
				4FCC81661B1F1C7900B98761 /* s3-2006-03-01.json in Resources */,
			);
			runOnlyForDeploymentPostprocessing = 0;
		};
		7D8F07761B0F90580011EA45 /* Resources */ = {
			isa = PBXResourcesBuildPhase;
			buildActionMask = 2147483647;
			files = (
			);
			runOnlyForDeploymentPostprocessing = 0;
		};
/* End PBXResourcesBuildPhase section */

/* Begin PBXSourcesBuildPhase section */
		7D8F075F1B0F90580011EA45 /* Sources */ = {
			isa = PBXSourcesBuildPhase;
			buildActionMask = 2147483647;
			files = (
				7D8F076C1B0F90580011EA45 /* MJBAppDelegate.m in Sources */,
				7D8F07A81B120E730011EA45 /* MJBSellBookViewController.m in Sources */,
				7D8F078A1B0F91850011EA45 /* MJBLoginViewController.m in Sources */,
				4FD2FC971B1B1B6000AAA75E /* MJBDetailSearchViewController.m in Sources */,
				7D8F07911B0F93790011EA45 /* MJBViewController.m in Sources */,
				4FC3FAD91B1F6EDF00132142 /* MJBDetailViewController.m in Sources */,
				7D8F07981B0FFF0C0011EA45 /* MJBSearchViewController.m in Sources */,
				7D8F079E1B1003640011EA45 /* MJBMyInfoViewController.m in Sources */,
				7D8F07A31B10CE310011EA45 /* MJBAddInfoViewController.m in Sources */,
				7D652ED01B18AB670022DCAC /* MJBMyDealViewController.m in Sources */,
				7D8F07691B0F90580011EA45 /* main.m in Sources */,
			);
			runOnlyForDeploymentPostprocessing = 0;
		};
		7D8F07741B0F90580011EA45 /* Sources */ = {
			isa = PBXSourcesBuildPhase;
			buildActionMask = 2147483647;
			files = (
				7D8F077F1B0F90580011EA45 /* MJUsedBooksTests.m in Sources */,
			);
			runOnlyForDeploymentPostprocessing = 0;
		};
/* End PBXSourcesBuildPhase section */

/* Begin PBXTargetDependency section */
		7D8F077A1B0F90580011EA45 /* PBXTargetDependency */ = {
			isa = PBXTargetDependency;
			target = 7D8F07621B0F90580011EA45 /* MJUsedBooks */;
			targetProxy = 7D8F07791B0F90580011EA45 /* PBXContainerItemProxy */;
		};
/* End PBXTargetDependency section */

/* Begin PBXVariantGroup section */
		7D8F07711B0F90580011EA45 /* LaunchScreen.xib */ = {
			isa = PBXVariantGroup;
			children = (
				7D8F07721B0F90580011EA45 /* Base */,
			);
			name = LaunchScreen.xib;
			sourceTree = "<group>";
		};
/* End PBXVariantGroup section */

/* Begin XCBuildConfiguration section */
		7D8F07801B0F90580011EA45 /* Debug */ = {
			isa = XCBuildConfiguration;
			buildSettings = {
				ALWAYS_SEARCH_USER_PATHS = NO;
				CLANG_CXX_LANGUAGE_STANDARD = "gnu++0x";
				CLANG_CXX_LIBRARY = "libc++";
				CLANG_ENABLE_MODULES = YES;
				CLANG_ENABLE_OBJC_ARC = YES;
				CLANG_WARN_BOOL_CONVERSION = YES;
				CLANG_WARN_CONSTANT_CONVERSION = YES;
				CLANG_WARN_DIRECT_OBJC_ISA_USAGE = YES_ERROR;
				CLANG_WARN_EMPTY_BODY = YES;
				CLANG_WARN_ENUM_CONVERSION = YES;
				CLANG_WARN_INT_CONVERSION = YES;
				CLANG_WARN_OBJC_ROOT_CLASS = YES_ERROR;
				CLANG_WARN_UNREACHABLE_CODE = YES;
				CLANG_WARN__DUPLICATE_METHOD_MATCH = YES;
				"CODE_SIGN_IDENTITY[sdk=iphoneos*]" = "iPhone Developer";
				COPY_PHASE_STRIP = NO;
				DEBUG_INFORMATION_FORMAT = "dwarf-with-dsym";
				ENABLE_STRICT_OBJC_MSGSEND = YES;
				GCC_C_LANGUAGE_STANDARD = gnu99;
				GCC_DYNAMIC_NO_PIC = NO;
				GCC_NO_COMMON_BLOCKS = YES;
				GCC_OPTIMIZATION_LEVEL = 0;
				GCC_PREPROCESSOR_DEFINITIONS = (
					"DEBUG=1",
					"$(inherited)",
				);
				GCC_SYMBOLS_PRIVATE_EXTERN = NO;
				GCC_WARN_64_TO_32_BIT_CONVERSION = YES;
				GCC_WARN_ABOUT_RETURN_TYPE = YES_ERROR;
				GCC_WARN_UNDECLARED_SELECTOR = YES;
				GCC_WARN_UNINITIALIZED_AUTOS = YES_AGGRESSIVE;
				GCC_WARN_UNUSED_FUNCTION = YES;
				GCC_WARN_UNUSED_VARIABLE = YES;
				IPHONEOS_DEPLOYMENT_TARGET = 8.3;
				MTL_ENABLE_DEBUG_INFO = YES;
				ONLY_ACTIVE_ARCH = YES;
				SDKROOT = iphoneos;
			};
			name = Debug;
		};
		7D8F07811B0F90580011EA45 /* Release */ = {
			isa = XCBuildConfiguration;
			buildSettings = {
				ALWAYS_SEARCH_USER_PATHS = NO;
				CLANG_CXX_LANGUAGE_STANDARD = "gnu++0x";
				CLANG_CXX_LIBRARY = "libc++";
				CLANG_ENABLE_MODULES = YES;
				CLANG_ENABLE_OBJC_ARC = YES;
				CLANG_WARN_BOOL_CONVERSION = YES;
				CLANG_WARN_CONSTANT_CONVERSION = YES;
				CLANG_WARN_DIRECT_OBJC_ISA_USAGE = YES_ERROR;
				CLANG_WARN_EMPTY_BODY = YES;
				CLANG_WARN_ENUM_CONVERSION = YES;
				CLANG_WARN_INT_CONVERSION = YES;
				CLANG_WARN_OBJC_ROOT_CLASS = YES_ERROR;
				CLANG_WARN_UNREACHABLE_CODE = YES;
				CLANG_WARN__DUPLICATE_METHOD_MATCH = YES;
				"CODE_SIGN_IDENTITY[sdk=iphoneos*]" = "iPhone Developer";
				COPY_PHASE_STRIP = NO;
				DEBUG_INFORMATION_FORMAT = "dwarf-with-dsym";
				ENABLE_NS_ASSERTIONS = NO;
				ENABLE_STRICT_OBJC_MSGSEND = YES;
				GCC_C_LANGUAGE_STANDARD = gnu99;
				GCC_NO_COMMON_BLOCKS = YES;
				GCC_WARN_64_TO_32_BIT_CONVERSION = YES;
				GCC_WARN_ABOUT_RETURN_TYPE = YES_ERROR;
				GCC_WARN_UNDECLARED_SELECTOR = YES;
				GCC_WARN_UNINITIALIZED_AUTOS = YES_AGGRESSIVE;
				GCC_WARN_UNUSED_FUNCTION = YES;
				GCC_WARN_UNUSED_VARIABLE = YES;
				IPHONEOS_DEPLOYMENT_TARGET = 8.3;
				MTL_ENABLE_DEBUG_INFO = NO;
				SDKROOT = iphoneos;
				VALIDATE_PRODUCT = YES;
			};
			name = Release;
		};
		7D8F07831B0F90580011EA45 /* Debug */ = {
			isa = XCBuildConfiguration;
			buildSettings = {
				ASSETCATALOG_COMPILER_APPICON_NAME = AppIcon;
				FRAMEWORK_SEARCH_PATHS = (
					"$(inherited)",
					"$(PROJECT_DIR)",
					"$(PROJECT_DIR)/extras",
				);
				INFOPLIST_FILE = MJUsedBooks/Info.plist;
				IPHONEOS_DEPLOYMENT_TARGET = 7.0;
				LD_RUNPATH_SEARCH_PATHS = "$(inherited) @executable_path/Frameworks";
				OTHER_LDFLAGS = "-lz";
				PRODUCT_NAME = "$(TARGET_NAME)";
			};
			name = Debug;
		};
		7D8F07841B0F90580011EA45 /* Release */ = {
			isa = XCBuildConfiguration;
			buildSettings = {
				ASSETCATALOG_COMPILER_APPICON_NAME = AppIcon;
				FRAMEWORK_SEARCH_PATHS = (
					"$(inherited)",
					"$(PROJECT_DIR)",
					"$(PROJECT_DIR)/extras",
				);
				INFOPLIST_FILE = MJUsedBooks/Info.plist;
				IPHONEOS_DEPLOYMENT_TARGET = 7.0;
				LD_RUNPATH_SEARCH_PATHS = "$(inherited) @executable_path/Frameworks";
				OTHER_LDFLAGS = "-lz";
				PRODUCT_NAME = "$(TARGET_NAME)";
			};
			name = Release;
		};
		7D8F07861B0F90580011EA45 /* Debug */ = {
			isa = XCBuildConfiguration;
			buildSettings = {
				BUNDLE_LOADER = "$(TEST_HOST)";
				FRAMEWORK_SEARCH_PATHS = (
					"$(SDKROOT)/Developer/Library/Frameworks",
					"$(inherited)",
				);
				GCC_PREPROCESSOR_DEFINITIONS = (
					"DEBUG=1",
					"$(inherited)",
				);
				INFOPLIST_FILE = MJUsedBooksTests/Info.plist;
				LD_RUNPATH_SEARCH_PATHS = "$(inherited) @executable_path/Frameworks @loader_path/Frameworks";
				PRODUCT_NAME = "$(TARGET_NAME)";
				TEST_HOST = "$(BUILT_PRODUCTS_DIR)/MJUsedBooks.app/MJUsedBooks";
			};
			name = Debug;
		};
		7D8F07871B0F90580011EA45 /* Release */ = {
			isa = XCBuildConfiguration;
			buildSettings = {
				BUNDLE_LOADER = "$(TEST_HOST)";
				FRAMEWORK_SEARCH_PATHS = (
					"$(SDKROOT)/Developer/Library/Frameworks",
					"$(inherited)",
				);
				INFOPLIST_FILE = MJUsedBooksTests/Info.plist;
				LD_RUNPATH_SEARCH_PATHS = "$(inherited) @executable_path/Frameworks @loader_path/Frameworks";
				PRODUCT_NAME = "$(TARGET_NAME)";
				TEST_HOST = "$(BUILT_PRODUCTS_DIR)/MJUsedBooks.app/MJUsedBooks";
			};
			name = Release;
		};
/* End XCBuildConfiguration section */

/* Begin XCConfigurationList section */
		7D8F075E1B0F90580011EA45 /* Build configuration list for PBXProject "MJUsedBooks" */ = {
			isa = XCConfigurationList;
			buildConfigurations = (
				7D8F07801B0F90580011EA45 /* Debug */,
				7D8F07811B0F90580011EA45 /* Release */,
			);
			defaultConfigurationIsVisible = 0;
			defaultConfigurationName = Release;
		};
		7D8F07821B0F90580011EA45 /* Build configuration list for PBXNativeTarget "MJUsedBooks" */ = {
			isa = XCConfigurationList;
			buildConfigurations = (
				7D8F07831B0F90580011EA45 /* Debug */,
				7D8F07841B0F90580011EA45 /* Release */,
			);
			defaultConfigurationIsVisible = 0;
			defaultConfigurationName = Release;
		};
		7D8F07851B0F90580011EA45 /* Build configuration list for PBXNativeTarget "MJUsedBooksTests" */ = {
			isa = XCConfigurationList;
			buildConfigurations = (
				7D8F07861B0F90580011EA45 /* Debug */,
				7D8F07871B0F90580011EA45 /* Release */,
			);
			defaultConfigurationIsVisible = 0;
			defaultConfigurationName = Release;
		};
/* End XCConfigurationList section */
	};
	rootObject = 7D8F075B1B0F90580011EA45 /* Project object */;
}
